// !$*UTF8*$!
{
	archiveVersion = 1;
	classes = {
	};
	objectVersion = 56;
	objects = {

/* Begin PBXBuildFile section */
		9186D4DF2B03DD96008A2EA3 /* AppDelegate.swift in Sources */ = {isa = PBXBuildFile; fileRef = 9186D4DE2B03DD96008A2EA3 /* AppDelegate.swift */; };
		9186D4E12B03DD96008A2EA3 /* SceneDelegate.swift in Sources */ = {isa = PBXBuildFile; fileRef = 9186D4E02B03DD96008A2EA3 /* SceneDelegate.swift */; };
		9186D4E32B03DD96008A2EA3 /* ViewController.swift in Sources */ = {isa = PBXBuildFile; fileRef = 9186D4E22B03DD96008A2EA3 /* ViewController.swift */; };
		9186D4E62B03DD96008A2EA3 /* Main.storyboard in Resources */ = {isa = PBXBuildFile; fileRef = 9186D4E42B03DD96008A2EA3 /* Main.storyboard */; };
		9186D4E82B03DD97008A2EA3 /* Assets.xcassets in Resources */ = {isa = PBXBuildFile; fileRef = 9186D4E72B03DD97008A2EA3 /* Assets.xcassets */; };
		9186D4EB2B03DD97008A2EA3 /* LaunchScreen.storyboard in Resources */ = {isa = PBXBuildFile; fileRef = 9186D4E92B03DD97008A2EA3 /* LaunchScreen.storyboard */; };
		9186D4F62B03DD97008A2EA3 /* HospitalTests.swift in Sources */ = {isa = PBXBuildFile; fileRef = 9186D4F52B03DD97008A2EA3 /* HospitalTests.swift */; };
		9186D5002B03DD98008A2EA3 /* HospitalUITests.swift in Sources */ = {isa = PBXBuildFile; fileRef = 9186D4FF2B03DD98008A2EA3 /* HospitalUITests.swift */; };
		9186D5022B03DD98008A2EA3 /* HospitalUITestsLaunchTests.swift in Sources */ = {isa = PBXBuildFile; fileRef = 9186D5012B03DD98008A2EA3 /* HospitalUITestsLaunchTests.swift */; };
		9186D50F2B03DE24008A2EA3 /* GoogleService-Info.plist in Resources */ = {isa = PBXBuildFile; fileRef = 9186D50E2B03DE24008A2EA3 /* GoogleService-Info.plist */; };
		9186D5122B03DE9D008A2EA3 /* FirebaseAnalytics in Frameworks */ = {isa = PBXBuildFile; productRef = 9186D5112B03DE9D008A2EA3 /* FirebaseAnalytics */; };
		9186D5142B03DE9D008A2EA3 /* FirebaseAnalyticsSwift in Frameworks */ = {isa = PBXBuildFile; productRef = 9186D5132B03DE9D008A2EA3 /* FirebaseAnalyticsSwift */; };
		9186D5162B03DE9D008A2EA3 /* FirebaseAuth in Frameworks */ = {isa = PBXBuildFile; productRef = 9186D5152B03DE9D008A2EA3 /* FirebaseAuth */; };
		9186D5182B03DE9D008A2EA3 /* FirebaseDatabase in Frameworks */ = {isa = PBXBuildFile; productRef = 9186D5172B03DE9D008A2EA3 /* FirebaseDatabase */; };
		9186D51A2B03DE9D008A2EA3 /* FirebaseDatabaseSwift in Frameworks */ = {isa = PBXBuildFile; productRef = 9186D5192B03DE9D008A2EA3 /* FirebaseDatabaseSwift */; };
		9186D51C2B03DE9D008A2EA3 /* FirebaseFirestore in Frameworks */ = {isa = PBXBuildFile; productRef = 9186D51B2B03DE9D008A2EA3 /* FirebaseFirestore */; };
		9186D51E2B03DE9D008A2EA3 /* FirebaseFunctions in Frameworks */ = {isa = PBXBuildFile; productRef = 9186D51D2B03DE9D008A2EA3 /* FirebaseFunctions */; };
		9186D5202B03DF39008A2EA3 /* SignUpViewController.swift in Sources */ = {isa = PBXBuildFile; fileRef = 9186D51F2B03DF39008A2EA3 /* SignUpViewController.swift */; };
		9186D5222B03DFC2008A2EA3 /* LoginViewController.swift in Sources */ = {isa = PBXBuildFile; fileRef = 9186D5212B03DFC2008A2EA3 /* LoginViewController.swift */; };
		9186D5242B03E030008A2EA3 /* HomeViewController.swift in Sources */ = {isa = PBXBuildFile; fileRef = 9186D5232B03E030008A2EA3 /* HomeViewController.swift */; };
		9186D5262B03E064008A2EA3 /* Utilities.swift in Sources */ = {isa = PBXBuildFile; fileRef = 9186D5252B03E064008A2EA3 /* Utilities.swift */; };
		9186D5282B03E06B008A2EA3 /* Constants.swift in Sources */ = {isa = PBXBuildFile; fileRef = 9186D5272B03E06B008A2EA3 /* Constants.swift */; };
		9186D52D2B04222C008A2EA3 /* Hospital1.jpg in Resources */ = {isa = PBXBuildFile; fileRef = 9186D52C2B04222C008A2EA3 /* Hospital1.jpg */; };
		91B1A1AE2B0427C5007284AF /* Hospital2.jpg in Resources */ = {isa = PBXBuildFile; fileRef = 91B1A1AD2B0427C5007284AF /* Hospital2.jpg */; };
		91B1A1B02B042BB0007284AF /* Hospital3.jpg in Resources */ = {isa = PBXBuildFile; fileRef = 91B1A1AF2B042BB0007284AF /* Hospital3.jpg */; };
		91B1A1B22B042C01007284AF /* Hospital4.jpg in Resources */ = {isa = PBXBuildFile; fileRef = 91B1A1B12B042C01007284AF /* Hospital4.jpg */; };
		91B1A1B42B042C88007284AF /* Hospital5.jpg in Resources */ = {isa = PBXBuildFile; fileRef = 91B1A1B32B042C88007284AF /* Hospital5.jpg */; };
		91B1A1B62B042E58007284AF /* MapsViewController.swift in Sources */ = {isa = PBXBuildFile; fileRef = 91B1A1B52B042E58007284AF /* MapsViewController.swift */; };
		91B1A1B82B042E60007284AF /* Maps2ViewController.swift in Sources */ = {isa = PBXBuildFile; fileRef = 91B1A1B72B042E60007284AF /* Maps2ViewController.swift */; };
		91B1A1BA2B042E6C007284AF /* Hospital1ViewController.swift in Sources */ = {isa = PBXBuildFile; fileRef = 91B1A1B92B042E6C007284AF /* Hospital1ViewController.swift */; };
		91B1A1BC2B042E72007284AF /* Hospital2ViewController.swift in Sources */ = {isa = PBXBuildFile; fileRef = 91B1A1BB2B042E72007284AF /* Hospital2ViewController.swift */; };
		91B1A1BE2B042EEB007284AF /* Hospital3ViewController.swift in Sources */ = {isa = PBXBuildFile; fileRef = 91B1A1BD2B042EEB007284AF /* Hospital3ViewController.swift */; };
		91B1A1C02B042F31007284AF /* Maps3ViewController.swift in Sources */ = {isa = PBXBuildFile; fileRef = 91B1A1BF2B042F31007284AF /* Maps3ViewController.swift */; };
		91B1A1C22B043022007284AF /* Hospital4ViewController.swift in Sources */ = {isa = PBXBuildFile; fileRef = 91B1A1C12B043022007284AF /* Hospital4ViewController.swift */; };
		91B1A1C42B043071007284AF /* Maps4ViewController.swift in Sources */ = {isa = PBXBuildFile; fileRef = 91B1A1C32B043071007284AF /* Maps4ViewController.swift */; };
		91B1A1C62B04360C007284AF /* Hospital6.jpg in Resources */ = {isa = PBXBuildFile; fileRef = 91B1A1C52B04360C007284AF /* Hospital6.jpg */; };
/* End PBXBuildFile section */

/* Begin PBXContainerItemProxy section */
		9186D4F22B03DD97008A2EA3 /* PBXContainerItemProxy */ = {
			isa = PBXContainerItemProxy;
			containerPortal = 9186D4D32B03DD95008A2EA3 /* Project object */;
			proxyType = 1;
			remoteGlobalIDString = 9186D4DA2B03DD96008A2EA3;
			remoteInfo = Hospital;
		};
		9186D4FC2B03DD97008A2EA3 /* PBXContainerItemProxy */ = {
			isa = PBXContainerItemProxy;
			containerPortal = 9186D4D32B03DD95008A2EA3 /* Project object */;
			proxyType = 1;
			remoteGlobalIDString = 9186D4DA2B03DD96008A2EA3;
			remoteInfo = Hospital;
		};
/* End PBXContainerItemProxy section */

/* Begin PBXFileReference section */
		9186D4DB2B03DD96008A2EA3 /* Hospital.app */ = {isa = PBXFileReference; explicitFileType = wrapper.application; includeInIndex = 0; path = Hospital.app; sourceTree = BUILT_PRODUCTS_DIR; };
		9186D4DE2B03DD96008A2EA3 /* AppDelegate.swift */ = {isa = PBXFileReference; lastKnownFileType = sourcecode.swift; path = AppDelegate.swift; sourceTree = "<group>"; };
		9186D4E02B03DD96008A2EA3 /* SceneDelegate.swift */ = {isa = PBXFileReference; lastKnownFileType = sourcecode.swift; path = SceneDelegate.swift; sourceTree = "<group>"; };
		9186D4E22B03DD96008A2EA3 /* ViewController.swift */ = {isa = PBXFileReference; lastKnownFileType = sourcecode.swift; path = ViewController.swift; sourceTree = "<group>"; };
		9186D4E52B03DD96008A2EA3 /* Base */ = {isa = PBXFileReference; lastKnownFileType = file.storyboard; name = Base; path = Base.lproj/Main.storyboard; sourceTree = "<group>"; };
		9186D4E72B03DD97008A2EA3 /* Assets.xcassets */ = {isa = PBXFileReference; lastKnownFileType = folder.assetcatalog; path = Assets.xcassets; sourceTree = "<group>"; };
		9186D4EA2B03DD97008A2EA3 /* Base */ = {isa = PBXFileReference; lastKnownFileType = file.storyboard; name = Base; path = Base.lproj/LaunchScreen.storyboard; sourceTree = "<group>"; };
		9186D4EC2B03DD97008A2EA3 /* Info.plist */ = {isa = PBXFileReference; lastKnownFileType = text.plist.xml; path = Info.plist; sourceTree = "<group>"; };
		9186D4F12B03DD97008A2EA3 /* HospitalTests.xctest */ = {isa = PBXFileReference; explicitFileType = wrapper.cfbundle; includeInIndex = 0; path = HospitalTests.xctest; sourceTree = BUILT_PRODUCTS_DIR; };
		9186D4F52B03DD97008A2EA3 /* HospitalTests.swift */ = {isa = PBXFileReference; lastKnownFileType = sourcecode.swift; path = HospitalTests.swift; sourceTree = "<group>"; };
		9186D4FB2B03DD97008A2EA3 /* HospitalUITests.xctest */ = {isa = PBXFileReference; explicitFileType = wrapper.cfbundle; includeInIndex = 0; path = HospitalUITests.xctest; sourceTree = BUILT_PRODUCTS_DIR; };
		9186D4FF2B03DD98008A2EA3 /* HospitalUITests.swift */ = {isa = PBXFileReference; lastKnownFileType = sourcecode.swift; path = HospitalUITests.swift; sourceTree = "<group>"; };
		9186D5012B03DD98008A2EA3 /* HospitalUITestsLaunchTests.swift */ = {isa = PBXFileReference; lastKnownFileType = sourcecode.swift; path = HospitalUITestsLaunchTests.swift; sourceTree = "<group>"; };
		9186D50E2B03DE24008A2EA3 /* GoogleService-Info.plist */ = {isa = PBXFileReference; fileEncoding = 4; lastKnownFileType = text.plist.xml; path = "GoogleService-Info.plist"; sourceTree = "<group>"; };
		9186D51F2B03DF39008A2EA3 /* SignUpViewController.swift */ = {isa = PBXFileReference; lastKnownFileType = sourcecode.swift; path = SignUpViewController.swift; sourceTree = "<group>"; };
		9186D5212B03DFC2008A2EA3 /* LoginViewController.swift */ = {isa = PBXFileReference; lastKnownFileType = sourcecode.swift; path = LoginViewController.swift; sourceTree = "<group>"; };
		9186D5232B03E030008A2EA3 /* HomeViewController.swift */ = {isa = PBXFileReference; lastKnownFileType = sourcecode.swift; path = HomeViewController.swift; sourceTree = "<group>"; };
		9186D5252B03E064008A2EA3 /* Utilities.swift */ = {isa = PBXFileReference; fileEncoding = 4; lastKnownFileType = sourcecode.swift; path = Utilities.swift; sourceTree = "<group>"; };
		9186D5272B03E06B008A2EA3 /* Constants.swift */ = {isa = PBXFileReference; fileEncoding = 4; lastKnownFileType = sourcecode.swift; path = Constants.swift; sourceTree = "<group>"; };
		9186D52C2B04222C008A2EA3 /* Hospital1.jpg */ = {isa = PBXFileReference; lastKnownFileType = image.jpeg; path = Hospital1.jpg; sourceTree = "<group>"; };
		91B1A1AD2B0427C5007284AF /* Hospital2.jpg */ = {isa = PBXFileReference; lastKnownFileType = image.jpeg; path = Hospital2.jpg; sourceTree = "<group>"; };
		91B1A1AF2B042BB0007284AF /* Hospital3.jpg */ = {isa = PBXFileReference; lastKnownFileType = image.jpeg; path = Hospital3.jpg; sourceTree = "<group>"; };
		91B1A1B12B042C01007284AF /* Hospital4.jpg */ = {isa = PBXFileReference; lastKnownFileType = image.jpeg; path = Hospital4.jpg; sourceTree = "<group>"; };
		91B1A1B32B042C88007284AF /* Hospital5.jpg */ = {isa = PBXFileReference; lastKnownFileType = image.jpeg; path = Hospital5.jpg; sourceTree = "<group>"; };
		91B1A1B52B042E58007284AF /* MapsViewController.swift */ = {isa = PBXFileReference; fileEncoding = 4; lastKnownFileType = sourcecode.swift; path = MapsViewController.swift; sourceTree = "<group>"; };
		91B1A1B72B042E60007284AF /* Maps2ViewController.swift */ = {isa = PBXFileReference; fileEncoding = 4; lastKnownFileType = sourcecode.swift; path = Maps2ViewController.swift; sourceTree = "<group>"; };
		91B1A1B92B042E6C007284AF /* Hospital1ViewController.swift */ = {isa = PBXFileReference; fileEncoding = 4; lastKnownFileType = sourcecode.swift; path = Hospital1ViewController.swift; sourceTree = "<group>"; };
		91B1A1BB2B042E72007284AF /* Hospital2ViewController.swift */ = {isa = PBXFileReference; fileEncoding = 4; lastKnownFileType = sourcecode.swift; path = Hospital2ViewController.swift; sourceTree = "<group>"; };
		91B1A1BD2B042EEB007284AF /* Hospital3ViewController.swift */ = {isa = PBXFileReference; fileEncoding = 4; lastKnownFileType = sourcecode.swift; path = Hospital3ViewController.swift; sourceTree = "<group>"; };
		91B1A1BF2B042F31007284AF /* Maps3ViewController.swift */ = {isa = PBXFileReference; fileEncoding = 4; lastKnownFileType = sourcecode.swift; name = Maps3ViewController.swift; path = ../../Servicios/Servicios/Maps3ViewController.swift; sourceTree = "<group>"; };
		91B1A1C12B043022007284AF /* Hospital4ViewController.swift */ = {isa = PBXFileReference; fileEncoding = 4; lastKnownFileType = sourcecode.swift; path = Hospital4ViewController.swift; sourceTree = "<group>"; };
		91B1A1C32B043071007284AF /* Maps4ViewController.swift */ = {isa = PBXFileReference; fileEncoding = 4; lastKnownFileType = sourcecode.swift; name = Maps4ViewController.swift; path = ../../Servicios/Servicios/Maps4ViewController.swift; sourceTree = "<group>"; };
		91B1A1C52B04360C007284AF /* Hospital6.jpg */ = {isa = PBXFileReference; lastKnownFileType = image.jpeg; path = Hospital6.jpg; sourceTree = "<group>"; };
/* End PBXFileReference section */

/* Begin PBXFrameworksBuildPhase section */
		9186D4D82B03DD96008A2EA3 /* Frameworks */ = {
			isa = PBXFrameworksBuildPhase;
			buildActionMask = 2147483647;
			files = (
				9186D51A2B03DE9D008A2EA3 /* FirebaseDatabaseSwift in Frameworks */,
				9186D51E2B03DE9D008A2EA3 /* FirebaseFunctions in Frameworks */,
				9186D5142B03DE9D008A2EA3 /* FirebaseAnalyticsSwift in Frameworks */,
				9186D5162B03DE9D008A2EA3 /* FirebaseAuth in Frameworks */,
				9186D5182B03DE9D008A2EA3 /* FirebaseDatabase in Frameworks */,
				9186D5122B03DE9D008A2EA3 /* FirebaseAnalytics in Frameworks */,
				9186D51C2B03DE9D008A2EA3 /* FirebaseFirestore in Frameworks */,
			);
			runOnlyForDeploymentPostprocessing = 0;
		};
		9186D4EE2B03DD97008A2EA3 /* Frameworks */ = {
			isa = PBXFrameworksBuildPhase;
			buildActionMask = 2147483647;
			files = (
			);
			runOnlyForDeploymentPostprocessing = 0;
		};
		9186D4F82B03DD97008A2EA3 /* Frameworks */ = {
			isa = PBXFrameworksBuildPhase;
			buildActionMask = 2147483647;
			files = (
			);
			runOnlyForDeploymentPostprocessing = 0;
		};
/* End PBXFrameworksBuildPhase section */

/* Begin PBXGroup section */
		9186D4D22B03DD95008A2EA3 = {
			isa = PBXGroup;
			children = (
				9186D4DD2B03DD96008A2EA3 /* Hospital */,
				9186D4F42B03DD97008A2EA3 /* HospitalTests */,
				9186D4FE2B03DD98008A2EA3 /* HospitalUITests */,
				9186D4DC2B03DD96008A2EA3 /* Products */,
			);
			sourceTree = "<group>";
		};
		9186D4DC2B03DD96008A2EA3 /* Products */ = {
			isa = PBXGroup;
			children = (
				9186D4DB2B03DD96008A2EA3 /* Hospital.app */,
				9186D4F12B03DD97008A2EA3 /* HospitalTests.xctest */,
				9186D4FB2B03DD97008A2EA3 /* HospitalUITests.xctest */,
			);
			name = Products;
			sourceTree = "<group>";
		};
		9186D4DD2B03DD96008A2EA3 /* Hospital */ = {
			isa = PBXGroup;
			children = (
				9186D52E2B042242008A2EA3 /* Imagenes */,
				9186D4DE2B03DD96008A2EA3 /* AppDelegate.swift */,
				9186D4E02B03DD96008A2EA3 /* SceneDelegate.swift */,
				9186D4E22B03DD96008A2EA3 /* ViewController.swift */,
				9186D4E42B03DD96008A2EA3 /* Main.storyboard */,
				9186D4E72B03DD97008A2EA3 /* Assets.xcassets */,
				9186D4E92B03DD97008A2EA3 /* LaunchScreen.storyboard */,
				9186D4EC2B03DD97008A2EA3 /* Info.plist */,
				9186D50E2B03DE24008A2EA3 /* GoogleService-Info.plist */,
				9186D5252B03E064008A2EA3 /* Utilities.swift */,
				9186D5272B03E06B008A2EA3 /* Constants.swift */,
				9186D51F2B03DF39008A2EA3 /* SignUpViewController.swift */,
				9186D5212B03DFC2008A2EA3 /* LoginViewController.swift */,
				9186D5232B03E030008A2EA3 /* HomeViewController.swift */,
				91B1A1B52B042E58007284AF /* MapsViewController.swift */,
				91B1A1B72B042E60007284AF /* Maps2ViewController.swift */,
				91B1A1BF2B042F31007284AF /* Maps3ViewController.swift */,
				91B1A1C32B043071007284AF /* Maps4ViewController.swift */,
				91B1A1B92B042E6C007284AF /* Hospital1ViewController.swift */,
				91B1A1BB2B042E72007284AF /* Hospital2ViewController.swift */,
				91B1A1BD2B042EEB007284AF /* Hospital3ViewController.swift */,
				91B1A1C12B043022007284AF /* Hospital4ViewController.swift */,
			);
			path = Hospital;
			sourceTree = "<group>";
		};
		9186D4F42B03DD97008A2EA3 /* HospitalTests */ = {
			isa = PBXGroup;
			children = (
				9186D4F52B03DD97008A2EA3 /* HospitalTests.swift */,
			);
			path = HospitalTests;
			sourceTree = "<group>";
		};
		9186D4FE2B03DD98008A2EA3 /* HospitalUITests */ = {
			isa = PBXGroup;
			children = (
				9186D4FF2B03DD98008A2EA3 /* HospitalUITests.swift */,
				9186D5012B03DD98008A2EA3 /* HospitalUITestsLaunchTests.swift */,
			);
			path = HospitalUITests;
			sourceTree = "<group>";
		};
		9186D52E2B042242008A2EA3 /* Imagenes */ = {
			isa = PBXGroup;
			children = (
				91B1A1C52B04360C007284AF /* Hospital6.jpg */,
				91B1A1B32B042C88007284AF /* Hospital5.jpg */,
				91B1A1B12B042C01007284AF /* Hospital4.jpg */,
				91B1A1AF2B042BB0007284AF /* Hospital3.jpg */,
				91B1A1AD2B0427C5007284AF /* Hospital2.jpg */,
				9186D52C2B04222C008A2EA3 /* Hospital1.jpg */,
			);
			path = Imagenes;
			sourceTree = "<group>";
		};
/* End PBXGroup section */

/* Begin PBXNativeTarget section */
		9186D4DA2B03DD96008A2EA3 /* Hospital */ = {
			isa = PBXNativeTarget;
			buildConfigurationList = 9186D5052B03DD98008A2EA3 /* Build configuration list for PBXNativeTarget "Hospital" */;
			buildPhases = (
				9186D4D72B03DD96008A2EA3 /* Sources */,
				9186D4D82B03DD96008A2EA3 /* Frameworks */,
				9186D4D92B03DD96008A2EA3 /* Resources */,
			);
			buildRules = (
			);
			dependencies = (
			);
			name = Hospital;
			packageProductDependencies = (
				9186D5112B03DE9D008A2EA3 /* FirebaseAnalytics */,
				9186D5132B03DE9D008A2EA3 /* FirebaseAnalyticsSwift */,
				9186D5152B03DE9D008A2EA3 /* FirebaseAuth */,
				9186D5172B03DE9D008A2EA3 /* FirebaseDatabase */,
				9186D5192B03DE9D008A2EA3 /* FirebaseDatabaseSwift */,
				9186D51B2B03DE9D008A2EA3 /* FirebaseFirestore */,
				9186D51D2B03DE9D008A2EA3 /* FirebaseFunctions */,
			);
			productName = Hospital;
			productReference = 9186D4DB2B03DD96008A2EA3 /* Hospital.app */;
			productType = "com.apple.product-type.application";
		};
		9186D4F02B03DD97008A2EA3 /* HospitalTests */ = {
			isa = PBXNativeTarget;
			buildConfigurationList = 9186D5082B03DD98008A2EA3 /* Build configuration list for PBXNativeTarget "HospitalTests" */;
			buildPhases = (
				9186D4ED2B03DD97008A2EA3 /* Sources */,
				9186D4EE2B03DD97008A2EA3 /* Frameworks */,
				9186D4EF2B03DD97008A2EA3 /* Resources */,
			);
			buildRules = (
			);
			dependencies = (
				9186D4F32B03DD97008A2EA3 /* PBXTargetDependency */,
			);
			name = HospitalTests;
			productName = HospitalTests;
			productReference = 9186D4F12B03DD97008A2EA3 /* HospitalTests.xctest */;
			productType = "com.apple.product-type.bundle.unit-test";
		};
		9186D4FA2B03DD97008A2EA3 /* HospitalUITests */ = {
			isa = PBXNativeTarget;
			buildConfigurationList = 9186D50B2B03DD98008A2EA3 /* Build configuration list for PBXNativeTarget "HospitalUITests" */;
			buildPhases = (
				9186D4F72B03DD97008A2EA3 /* Sources */,
				9186D4F82B03DD97008A2EA3 /* Frameworks */,
				9186D4F92B03DD97008A2EA3 /* Resources */,
			);
			buildRules = (
			);
			dependencies = (
				9186D4FD2B03DD97008A2EA3 /* PBXTargetDependency */,
			);
			name = HospitalUITests;
			productName = HospitalUITests;
			productReference = 9186D4FB2B03DD97008A2EA3 /* HospitalUITests.xctest */;
			productType = "com.apple.product-type.bundle.ui-testing";
		};
/* End PBXNativeTarget section */

/* Begin PBXProject section */
		9186D4D32B03DD95008A2EA3 /* Project object */ = {
			isa = PBXProject;
			attributes = {
				BuildIndependentTargetsInParallel = 1;
				LastSwiftUpdateCheck = 1500;
				LastUpgradeCheck = 1500;
				TargetAttributes = {
					9186D4DA2B03DD96008A2EA3 = {
						CreatedOnToolsVersion = 15.0.1;
					};
					9186D4F02B03DD97008A2EA3 = {
						CreatedOnToolsVersion = 15.0.1;
						TestTargetID = 9186D4DA2B03DD96008A2EA3;
					};
					9186D4FA2B03DD97008A2EA3 = {
						CreatedOnToolsVersion = 15.0.1;
						TestTargetID = 9186D4DA2B03DD96008A2EA3;
					};
				};
			};
			buildConfigurationList = 9186D4D62B03DD95008A2EA3 /* Build configuration list for PBXProject "Hospital" */;
			compatibilityVersion = "Xcode 14.0";
			developmentRegion = en;
			hasScannedForEncodings = 0;
			knownRegions = (
				en,
				Base,
			);
			mainGroup = 9186D4D22B03DD95008A2EA3;
			packageReferences = (
				9186D5102B03DE9D008A2EA3 /* XCRemoteSwiftPackageReference "firebase-ios-sdk" */,
			);
			productRefGroup = 9186D4DC2B03DD96008A2EA3 /* Products */;
			projectDirPath = "";
			projectRoot = "";
			targets = (
				9186D4DA2B03DD96008A2EA3 /* Hospital */,
				9186D4F02B03DD97008A2EA3 /* HospitalTests */,
				9186D4FA2B03DD97008A2EA3 /* HospitalUITests */,
			);
		};
/* End PBXProject section */

/* Begin PBXResourcesBuildPhase section */
		9186D4D92B03DD96008A2EA3 /* Resources */ = {
			isa = PBXResourcesBuildPhase;
			buildActionMask = 2147483647;
			files = (
				9186D50F2B03DE24008A2EA3 /* GoogleService-Info.plist in Resources */,
				9186D4EB2B03DD97008A2EA3 /* LaunchScreen.storyboard in Resources */,
				9186D4E82B03DD97008A2EA3 /* Assets.xcassets in Resources */,
				9186D52D2B04222C008A2EA3 /* Hospital1.jpg in Resources */,
				91B1A1B22B042C01007284AF /* Hospital4.jpg in Resources */,
				91B1A1AE2B0427C5007284AF /* Hospital2.jpg in Resources */,
				9186D4E62B03DD96008A2EA3 /* Main.storyboard in Resources */,
				91B1A1B42B042C88007284AF /* Hospital5.jpg in Resources */,
				91B1A1C62B04360C007284AF /* Hospital6.jpg in Resources */,
				91B1A1B02B042BB0007284AF /* Hospital3.jpg in Resources */,
			);
			runOnlyForDeploymentPostprocessing = 0;
		};
		9186D4EF2B03DD97008A2EA3 /* Resources */ = {
			isa = PBXResourcesBuildPhase;
			buildActionMask = 2147483647;
			files = (
			);
			runOnlyForDeploymentPostprocessing = 0;
		};
		9186D4F92B03DD97008A2EA3 /* Resources */ = {
			isa = PBXResourcesBuildPhase;
			buildActionMask = 2147483647;
			files = (
			);
			runOnlyForDeploymentPostprocessing = 0;
		};
/* End PBXResourcesBuildPhase section */

/* Begin PBXSourcesBuildPhase section */
		9186D4D72B03DD96008A2EA3 /* Sources */ = {
			isa = PBXSourcesBuildPhase;
			buildActionMask = 2147483647;
			files = (
				91B1A1B82B042E60007284AF /* Maps2ViewController.swift in Sources */,
				91B1A1BE2B042EEB007284AF /* Hospital3ViewController.swift in Sources */,
				91B1A1BC2B042E72007284AF /* Hospital2ViewController.swift in Sources */,
				91B1A1C42B043071007284AF /* Maps4ViewController.swift in Sources */,
				91B1A1B62B042E58007284AF /* MapsViewController.swift in Sources */,
				91B1A1C22B043022007284AF /* Hospital4ViewController.swift in Sources */,
				9186D4E32B03DD96008A2EA3 /* ViewController.swift in Sources */,
				9186D4DF2B03DD96008A2EA3 /* AppDelegate.swift in Sources */,
				9186D5262B03E064008A2EA3 /* Utilities.swift in Sources */,
				9186D5202B03DF39008A2EA3 /* SignUpViewController.swift in Sources */,
				9186D5222B03DFC2008A2EA3 /* LoginViewController.swift in Sources */,
				91B1A1C02B042F31007284AF /* Maps3ViewController.swift in Sources */,
				9186D4E12B03DD96008A2EA3 /* SceneDelegate.swift in Sources */,
				9186D5242B03E030008A2EA3 /* HomeViewController.swift in Sources */,
				91B1A1BA2B042E6C007284AF /* Hospital1ViewController.swift in Sources */,
				9186D5282B03E06B008A2EA3 /* Constants.swift in Sources */,
			);
			runOnlyForDeploymentPostprocessing = 0;
		};
		9186D4ED2B03DD97008A2EA3 /* Sources */ = {
			isa = PBXSourcesBuildPhase;
			buildActionMask = 2147483647;
			files = (
				9186D4F62B03DD97008A2EA3 /* HospitalTests.swift in Sources */,
			);
			runOnlyForDeploymentPostprocessing = 0;
		};
		9186D4F72B03DD97008A2EA3 /* Sources */ = {
			isa = PBXSourcesBuildPhase;
			buildActionMask = 2147483647;
			files = (
				9186D5022B03DD98008A2EA3 /* HospitalUITestsLaunchTests.swift in Sources */,
				9186D5002B03DD98008A2EA3 /* HospitalUITests.swift in Sources */,
			);
			runOnlyForDeploymentPostprocessing = 0;
		};
/* End PBXSourcesBuildPhase section */

/* Begin PBXTargetDependency section */
		9186D4F32B03DD97008A2EA3 /* PBXTargetDependency */ = {
			isa = PBXTargetDependency;
			target = 9186D4DA2B03DD96008A2EA3 /* Hospital */;
			targetProxy = 9186D4F22B03DD97008A2EA3 /* PBXContainerItemProxy */;
		};
		9186D4FD2B03DD97008A2EA3 /* PBXTargetDependency */ = {
			isa = PBXTargetDependency;
			target = 9186D4DA2B03DD96008A2EA3 /* Hospital */;
			targetProxy = 9186D4FC2B03DD97008A2EA3 /* PBXContainerItemProxy */;
		};
/* End PBXTargetDependency section */

/* Begin PBXVariantGroup section */
		9186D4E42B03DD96008A2EA3 /* Main.storyboard */ = {
			isa = PBXVariantGroup;
			children = (
				9186D4E52B03DD96008A2EA3 /* Base */,
			);
			name = Main.storyboard;
			sourceTree = "<group>";
		};
		9186D4E92B03DD97008A2EA3 /* LaunchScreen.storyboard */ = {
			isa = PBXVariantGroup;
			children = (
				9186D4EA2B03DD97008A2EA3 /* Base */,
			);
			name = LaunchScreen.storyboard;
			sourceTree = "<group>";
		};
/* End PBXVariantGroup section */

/* Begin XCBuildConfiguration section */
		9186D5032B03DD98008A2EA3 /* Debug */ = {
			isa = XCBuildConfiguration;
			buildSettings = {
				ALWAYS_SEARCH_USER_PATHS = NO;
				ASSETCATALOG_COMPILER_GENERATE_SWIFT_ASSET_SYMBOL_EXTENSIONS = YES;
				CLANG_ANALYZER_NONNULL = YES;
				CLANG_ANALYZER_NUMBER_OBJECT_CONVERSION = YES_AGGRESSIVE;
				CLANG_CXX_LANGUAGE_STANDARD = "gnu++20";
				CLANG_ENABLE_MODULES = YES;
				CLANG_ENABLE_OBJC_ARC = YES;
				CLANG_ENABLE_OBJC_WEAK = YES;
				CLANG_WARN_BLOCK_CAPTURE_AUTORELEASING = YES;
				CLANG_WARN_BOOL_CONVERSION = YES;
				CLANG_WARN_COMMA = YES;
				CLANG_WARN_CONSTANT_CONVERSION = YES;
				CLANG_WARN_DEPRECATED_OBJC_IMPLEMENTATIONS = YES;
				CLANG_WARN_DIRECT_OBJC_ISA_USAGE = YES_ERROR;
				CLANG_WARN_DOCUMENTATION_COMMENTS = YES;
				CLANG_WARN_EMPTY_BODY = YES;
				CLANG_WARN_ENUM_CONVERSION = YES;
				CLANG_WARN_INFINITE_RECURSION = YES;
				CLANG_WARN_INT_CONVERSION = YES;
				CLANG_WARN_NON_LITERAL_NULL_CONVERSION = YES;
				CLANG_WARN_OBJC_IMPLICIT_RETAIN_SELF = YES;
				CLANG_WARN_OBJC_LITERAL_CONVERSION = YES;
				CLANG_WARN_OBJC_ROOT_CLASS = YES_ERROR;
				CLANG_WARN_QUOTED_INCLUDE_IN_FRAMEWORK_HEADER = YES;
				CLANG_WARN_RANGE_LOOP_ANALYSIS = YES;
				CLANG_WARN_STRICT_PROTOTYPES = YES;
				CLANG_WARN_SUSPICIOUS_MOVE = YES;
				CLANG_WARN_UNGUARDED_AVAILABILITY = YES_AGGRESSIVE;
				CLANG_WARN_UNREACHABLE_CODE = YES;
				CLANG_WARN__DUPLICATE_METHOD_MATCH = YES;
				COPY_PHASE_STRIP = NO;
				DEBUG_INFORMATION_FORMAT = dwarf;
				ENABLE_STRICT_OBJC_MSGSEND = YES;
				ENABLE_TESTABILITY = YES;
				ENABLE_USER_SCRIPT_SANDBOXING = YES;
				GCC_C_LANGUAGE_STANDARD = gnu17;
				GCC_DYNAMIC_NO_PIC = NO;
				GCC_NO_COMMON_BLOCKS = YES;
				GCC_OPTIMIZATION_LEVEL = 0;
				GCC_PREPROCESSOR_DEFINITIONS = (
					"DEBUG=1",
					"$(inherited)",
				);
				GCC_WARN_64_TO_32_BIT_CONVERSION = YES;
				GCC_WARN_ABOUT_RETURN_TYPE = YES_ERROR;
				GCC_WARN_UNDECLARED_SELECTOR = YES;
				GCC_WARN_UNINITIALIZED_AUTOS = YES_AGGRESSIVE;
				GCC_WARN_UNUSED_FUNCTION = YES;
				GCC_WARN_UNUSED_VARIABLE = YES;
				IPHONEOS_DEPLOYMENT_TARGET = 17.0;
				LOCALIZATION_PREFERS_STRING_CATALOGS = YES;
				MTL_ENABLE_DEBUG_INFO = INCLUDE_SOURCE;
				MTL_FAST_MATH = YES;
				ONLY_ACTIVE_ARCH = YES;
				SDKROOT = iphoneos;
				SWIFT_ACTIVE_COMPILATION_CONDITIONS = "DEBUG $(inherited)";
				SWIFT_OPTIMIZATION_LEVEL = "-Onone";
			};
			name = Debug;
		};
		9186D5042B03DD98008A2EA3 /* Release */ = {
			isa = XCBuildConfiguration;
			buildSettings = {
				ALWAYS_SEARCH_USER_PATHS = NO;
				ASSETCATALOG_COMPILER_GENERATE_SWIFT_ASSET_SYMBOL_EXTENSIONS = YES;
				CLANG_ANALYZER_NONNULL = YES;
				CLANG_ANALYZER_NUMBER_OBJECT_CONVERSION = YES_AGGRESSIVE;
				CLANG_CXX_LANGUAGE_STANDARD = "gnu++20";
				CLANG_ENABLE_MODULES = YES;
				CLANG_ENABLE_OBJC_ARC = YES;
				CLANG_ENABLE_OBJC_WEAK = YES;
				CLANG_WARN_BLOCK_CAPTURE_AUTORELEASING = YES;
				CLANG_WARN_BOOL_CONVERSION = YES;
				CLANG_WARN_COMMA = YES;
				CLANG_WARN_CONSTANT_CONVERSION = YES;
				CLANG_WARN_DEPRECATED_OBJC_IMPLEMENTATIONS = YES;
				CLANG_WARN_DIRECT_OBJC_ISA_USAGE = YES_ERROR;
				CLANG_WARN_DOCUMENTATION_COMMENTS = YES;
				CLANG_WARN_EMPTY_BODY = YES;
				CLANG_WARN_ENUM_CONVERSION = YES;
				CLANG_WARN_INFINITE_RECURSION = YES;
				CLANG_WARN_INT_CONVERSION = YES;
				CLANG_WARN_NON_LITERAL_NULL_CONVERSION = YES;
				CLANG_WARN_OBJC_IMPLICIT_RETAIN_SELF = YES;
				CLANG_WARN_OBJC_LITERAL_CONVERSION = YES;
				CLANG_WARN_OBJC_ROOT_CLASS = YES_ERROR;
				CLANG_WARN_QUOTED_INCLUDE_IN_FRAMEWORK_HEADER = YES;
				CLANG_WARN_RANGE_LOOP_ANALYSIS = YES;
				CLANG_WARN_STRICT_PROTOTYPES = YES;
				CLANG_WARN_SUSPICIOUS_MOVE = YES;
				CLANG_WARN_UNGUARDED_AVAILABILITY = YES_AGGRESSIVE;
				CLANG_WARN_UNREACHABLE_CODE = YES;
				CLANG_WARN__DUPLICATE_METHOD_MATCH = YES;
				COPY_PHASE_STRIP = NO;
				DEBUG_INFORMATION_FORMAT = "dwarf-with-dsym";
				ENABLE_NS_ASSERTIONS = NO;
				ENABLE_STRICT_OBJC_MSGSEND = YES;
				ENABLE_USER_SCRIPT_SANDBOXING = YES;
				GCC_C_LANGUAGE_STANDARD = gnu17;
				GCC_NO_COMMON_BLOCKS = YES;
				GCC_WARN_64_TO_32_BIT_CONVERSION = YES;
				GCC_WARN_ABOUT_RETURN_TYPE = YES_ERROR;
				GCC_WARN_UNDECLARED_SELECTOR = YES;
				GCC_WARN_UNINITIALIZED_AUTOS = YES_AGGRESSIVE;
				GCC_WARN_UNUSED_FUNCTION = YES;
				GCC_WARN_UNUSED_VARIABLE = YES;
				IPHONEOS_DEPLOYMENT_TARGET = 17.0;
				LOCALIZATION_PREFERS_STRING_CATALOGS = YES;
				MTL_ENABLE_DEBUG_INFO = NO;
				MTL_FAST_MATH = YES;
				SDKROOT = iphoneos;
				SWIFT_COMPILATION_MODE = wholemodule;
				VALIDATE_PRODUCT = YES;
			};
			name = Release;
		};
		9186D5062B03DD98008A2EA3 /* Debug */ = {
			isa = XCBuildConfiguration;
			buildSettings = {
				ASSETCATALOG_COMPILER_APPICON_NAME = AppIcon;
				ASSETCATALOG_COMPILER_GLOBAL_ACCENT_COLOR_NAME = AccentColor;
				CODE_SIGN_STYLE = Automatic;
				CURRENT_PROJECT_VERSION = 1;
				DEVELOPMENT_TEAM = JYB626N5RH;
				GENERATE_INFOPLIST_FILE = YES;
				INFOPLIST_FILE = Hospital/Info.plist;
				INFOPLIST_KEY_UIApplicationSupportsIndirectInputEvents = YES;
				INFOPLIST_KEY_UILaunchStoryboardName = LaunchScreen;
				INFOPLIST_KEY_UIMainStoryboardFile = Main;
				INFOPLIST_KEY_UISupportedInterfaceOrientations_iPad = "UIInterfaceOrientationPortrait UIInterfaceOrientationPortraitUpsideDown UIInterfaceOrientationLandscapeLeft UIInterfaceOrientationLandscapeRight";
				INFOPLIST_KEY_UISupportedInterfaceOrientations_iPhone = "UIInterfaceOrientationPortrait UIInterfaceOrientationLandscapeLeft UIInterfaceOrientationLandscapeRight";
				LD_RUNPATH_SEARCH_PATHS = (
					"$(inherited)",
					"@executable_path/Frameworks",
				);
				MARKETING_VERSION = 1.0;
				PRODUCT_BUNDLE_IDENTIFIER = ibero.com.Hospital;
				PRODUCT_NAME = "$(TARGET_NAME)";
				SWIFT_EMIT_LOC_STRINGS = YES;
				SWIFT_VERSION = 5.0;
				TARGETED_DEVICE_FAMILY = "1,2";
			};
			name = Debug;
		};
		9186D5072B03DD98008A2EA3 /* Release */ = {
			isa = XCBuildConfiguration;
			buildSettings = {
				ASSETCATALOG_COMPILER_APPICON_NAME = AppIcon;
				ASSETCATALOG_COMPILER_GLOBAL_ACCENT_COLOR_NAME = AccentColor;
				CODE_SIGN_STYLE = Automatic;
				CURRENT_PROJECT_VERSION = 1;
				DEVELOPMENT_TEAM = JYB626N5RH;
				GENERATE_INFOPLIST_FILE = YES;
				INFOPLIST_FILE = Hospital/Info.plist;
				INFOPLIST_KEY_UIApplicationSupportsIndirectInputEvents = YES;
				INFOPLIST_KEY_UILaunchStoryboardName = LaunchScreen;
				INFOPLIST_KEY_UIMainStoryboardFile = Main;
				INFOPLIST_KEY_UISupportedInterfaceOrientations_iPad = "UIInterfaceOrientationPortrait UIInterfaceOrientationPortraitUpsideDown UIInterfaceOrientationLandscapeLeft UIInterfaceOrientationLandscapeRight";
				INFOPLIST_KEY_UISupportedInterfaceOrientations_iPhone = "UIInterfaceOrientationPortrait UIInterfaceOrientationLandscapeLeft UIInterfaceOrientationLandscapeRight";
				LD_RUNPATH_SEARCH_PATHS = (
					"$(inherited)",
					"@executable_path/Frameworks",
				);
				MARKETING_VERSION = 1.0;
				PRODUCT_BUNDLE_IDENTIFIER = ibero.com.Hospital;
				PRODUCT_NAME = "$(TARGET_NAME)";
				SWIFT_EMIT_LOC_STRINGS = YES;
				SWIFT_VERSION = 5.0;
				TARGETED_DEVICE_FAMILY = "1,2";
			};
			name = Release;
		};
		9186D5092B03DD98008A2EA3 /* Debug */ = {
			isa = XCBuildConfiguration;
			buildSettings = {
				ALWAYS_EMBED_SWIFT_STANDARD_LIBRARIES = YES;
				BUNDLE_LOADER = "$(TEST_HOST)";
				CODE_SIGN_STYLE = Automatic;
				CURRENT_PROJECT_VERSION = 1;
				DEVELOPMENT_TEAM = JYB626N5RH;
				GENERATE_INFOPLIST_FILE = YES;
				IPHONEOS_DEPLOYMENT_TARGET = 17.0;
				MARKETING_VERSION = 1.0;
				PRODUCT_BUNDLE_IDENTIFIER = ibero.com.HospitalTests;
				PRODUCT_NAME = "$(TARGET_NAME)";
				SWIFT_EMIT_LOC_STRINGS = NO;
				SWIFT_VERSION = 5.0;
				TARGETED_DEVICE_FAMILY = "1,2";
				TEST_HOST = "$(BUILT_PRODUCTS_DIR)/Hospital.app/$(BUNDLE_EXECUTABLE_FOLDER_PATH)/Hospital";
			};
			name = Debug;
		};
		9186D50A2B03DD98008A2EA3 /* Release */ = {
			isa = XCBuildConfiguration;
			buildSettings = {
				ALWAYS_EMBED_SWIFT_STANDARD_LIBRARIES = YES;
				BUNDLE_LOADER = "$(TEST_HOST)";
				CODE_SIGN_STYLE = Automatic;
				CURRENT_PROJECT_VERSION = 1;
				DEVELOPMENT_TEAM = JYB626N5RH;
				GENERATE_INFOPLIST_FILE = YES;
				IPHONEOS_DEPLOYMENT_TARGET = 17.0;
				MARKETING_VERSION = 1.0;
				PRODUCT_BUNDLE_IDENTIFIER = ibero.com.HospitalTests;
				PRODUCT_NAME = "$(TARGET_NAME)";
				SWIFT_EMIT_LOC_STRINGS = NO;
				SWIFT_VERSION = 5.0;
				TARGETED_DEVICE_FAMILY = "1,2";
				TEST_HOST = "$(BUILT_PRODUCTS_DIR)/Hospital.app/$(BUNDLE_EXECUTABLE_FOLDER_PATH)/Hospital";
			};
			name = Release;
		};
		9186D50C2B03DD98008A2EA3 /* Debug */ = {
			isa = XCBuildConfiguration;
			buildSettings = {
				ALWAYS_EMBED_SWIFT_STANDARD_LIBRARIES = YES;
				CODE_SIGN_STYLE = Automatic;
				CURRENT_PROJECT_VERSION = 1;
				DEVELOPMENT_TEAM = JYB626N5RH;
				GENERATE_INFOPLIST_FILE = YES;
				MARKETING_VERSION = 1.0;
				PRODUCT_BUNDLE_IDENTIFIER = ibero.com.HospitalUITests;
				PRODUCT_NAME = "$(TARGET_NAME)";
				SWIFT_EMIT_LOC_STRINGS = NO;
				SWIFT_VERSION = 5.0;
				TARGETED_DEVICE_FAMILY = "1,2";
				TEST_TARGET_NAME = Hospital;
			};
			name = Debug;
		};
		9186D50D2B03DD98008A2EA3 /* Release */ = {
			isa = XCBuildConfiguration;
			buildSettings = {
				ALWAYS_EMBED_SWIFT_STANDARD_LIBRARIES = YES;
				CODE_SIGN_STYLE = Automatic;
				CURRENT_PROJECT_VERSION = 1;
				DEVELOPMENT_TEAM = JYB626N5RH;
				GENERATE_INFOPLIST_FILE = YES;
				MARKETING_VERSION = 1.0;
				PRODUCT_BUNDLE_IDENTIFIER = ibero.com.HospitalUITests;
				PRODUCT_NAME = "$(TARGET_NAME)";
				SWIFT_EMIT_LOC_STRINGS = NO;
				SWIFT_VERSION = 5.0;
				TARGETED_DEVICE_FAMILY = "1,2";
				TEST_TARGET_NAME = Hospital;
			};
			name = Release;
		};
/* End XCBuildConfiguration section */

/* Begin XCConfigurationList section */
		9186D4D62B03DD95008A2EA3 /* Build configuration list for PBXProject "Hospital" */ = {
			isa = XCConfigurationList;
			buildConfigurations = (
				9186D5032B03DD98008A2EA3 /* Debug */,
				9186D5042B03DD98008A2EA3 /* Release */,
			);
			defaultConfigurationIsVisible = 0;
			defaultConfigurationName = Release;
		};
		9186D5052B03DD98008A2EA3 /* Build configuration list for PBXNativeTarget "Hospital" */ = {
			isa = XCConfigurationList;
			buildConfigurations = (
				9186D5062B03DD98008A2EA3 /* Debug */,
				9186D5072B03DD98008A2EA3 /* Release */,
			);
			defaultConfigurationIsVisible = 0;
			defaultConfigurationName = Release;
		};
		9186D5082B03DD98008A2EA3 /* Build configuration list for PBXNativeTarget "HospitalTests" */ = {
			isa = XCConfigurationList;
			buildConfigurations = (
				9186D5092B03DD98008A2EA3 /* Debug */,
				9186D50A2B03DD98008A2EA3 /* Release */,
			);
			defaultConfigurationIsVisible = 0;
			defaultConfigurationName = Release;
		};
		9186D50B2B03DD98008A2EA3 /* Build configuration list for PBXNativeTarget "HospitalUITests" */ = {
			isa = XCConfigurationList;
			buildConfigurations = (
				9186D50C2B03DD98008A2EA3 /* Debug */,
				9186D50D2B03DD98008A2EA3 /* Release */,
			);
			defaultConfigurationIsVisible = 0;
			defaultConfigurationName = Release;
		};
/* End XCConfigurationList section */

/* Begin XCRemoteSwiftPackageReference section */
		9186D5102B03DE9D008A2EA3 /* XCRemoteSwiftPackageReference "firebase-ios-sdk" */ = {
			isa = XCRemoteSwiftPackageReference;
			repositoryURL = "https://github.com/firebase/firebase-ios-sdk";
			requirement = {
				kind = upToNextMajorVersion;
				minimumVersion = 10.18.0;
			};
		};
/* End XCRemoteSwiftPackageReference section */

/* Begin XCSwiftPackageProductDependency section */
		9186D5112B03DE9D008A2EA3 /* FirebaseAnalytics */ = {
			isa = XCSwiftPackageProductDependency;
			package = 9186D5102B03DE9D008A2EA3 /* XCRemoteSwiftPackageReference "firebase-ios-sdk" */;
			productName = FirebaseAnalytics;
		};
		9186D5132B03DE9D008A2EA3 /* FirebaseAnalyticsSwift */ = {
			isa = XCSwiftPackageProductDependency;
			package = 9186D5102B03DE9D008A2EA3 /* XCRemoteSwiftPackageReference "firebase-ios-sdk" */;
			productName = FirebaseAnalyticsSwift;
		};
		9186D5152B03DE9D008A2EA3 /* FirebaseAuth */ = {
			isa = XCSwiftPackageProductDependency;
			package = 9186D5102B03DE9D008A2EA3 /* XCRemoteSwiftPackageReference "firebase-ios-sdk" */;
			productName = FirebaseAuth;
		};
		9186D5172B03DE9D008A2EA3 /* FirebaseDatabase */ = {
			isa = XCSwiftPackageProductDependency;
			package = 9186D5102B03DE9D008A2EA3 /* XCRemoteSwiftPackageReference "firebase-ios-sdk" */;
			productName = FirebaseDatabase;
		};
		9186D5192B03DE9D008A2EA3 /* FirebaseDatabaseSwift */ = {
			isa = XCSwiftPackageProductDependency;
			package = 9186D5102B03DE9D008A2EA3 /* XCRemoteSwiftPackageReference "firebase-ios-sdk" */;
			productName = FirebaseDatabaseSwift;
		};
		9186D51B2B03DE9D008A2EA3 /* FirebaseFirestore */ = {
			isa = XCSwiftPackageProductDependency;
			package = 9186D5102B03DE9D008A2EA3 /* XCRemoteSwiftPackageReference "firebase-ios-sdk" */;
			productName = FirebaseFirestore;
		};
		9186D51D2B03DE9D008A2EA3 /* FirebaseFunctions */ = {
			isa = XCSwiftPackageProductDependency;
			package = 9186D5102B03DE9D008A2EA3 /* XCRemoteSwiftPackageReference "firebase-ios-sdk" */;
			productName = FirebaseFunctions;
		};
/* End XCSwiftPackageProductDependency section */
	};
	rootObject = 9186D4D32B03DD95008A2EA3 /* Project object */;
}
