// !$*UTF8*$!
{
	archiveVersion = 1;
	classes = {
	};
	objectVersion = 56;
	objects = {

/* Begin PBXBuildFile section */
		9164317A2B0DD32F0012F1C3 /* MisDatosViewController.swift in Sources */ = {isa = PBXBuildFile; fileRef = 916431792B0DD32F0012F1C3 /* MisDatosViewController.swift */; };
		9164317D2B0E53050012F1C3 /* AgendarViewController.swift in Sources */ = {isa = PBXBuildFile; fileRef = 9164317C2B0E53050012F1C3 /* AgendarViewController.swift */; };
		9164317F2B0F00900012F1C3 /* Hospital11.jpg in Resources */ = {isa = PBXBuildFile; fileRef = 9164317E2B0F00900012F1C3 /* Hospital11.jpg */; };
		916431822B0F0CDD0012F1C3 /* Hospital12.jpg in Resources */ = {isa = PBXBuildFile; fileRef = 916431812B0F0CDD0012F1C3 /* Hospital12.jpg */; };
		916431842B0F0ECD0012F1C3 /* Hospital13.jpg in Resources */ = {isa = PBXBuildFile; fileRef = 916431832B0F0ECD0012F1C3 /* Hospital13.jpg */; };
		916431872B0F11810012F1C3 /* Medicamento1.JPEG in Resources */ = {isa = PBXBuildFile; fileRef = 916431862B0F11810012F1C3 /* Medicamento1.JPEG */; };
		916431892B0F12310012F1C3 /* Medicamento2.jpeg in Resources */ = {isa = PBXBuildFile; fileRef = 916431882B0F12310012F1C3 /* Medicamento2.jpeg */; };
		9164318B2B0F12CE0012F1C3 /* Medicamento3.jpeg in Resources */ = {isa = PBXBuildFile; fileRef = 9164318A2B0F12CE0012F1C3 /* Medicamento3.jpeg */; };
		9164318D2B0F139E0012F1C3 /* Medicamento4.jpeg in Resources */ = {isa = PBXBuildFile; fileRef = 9164318C2B0F139D0012F1C3 /* Medicamento4.jpeg */; };
		9164318F2B0F141E0012F1C3 /* Medicamento5.jpeg in Resources */ = {isa = PBXBuildFile; fileRef = 9164318E2B0F141E0012F1C3 /* Medicamento5.jpeg */; };
		916431912B0F15630012F1C3 /* Hospital14.jpg in Resources */ = {isa = PBXBuildFile; fileRef = 916431902B0F15620012F1C3 /* Hospital14.jpg */; };
		916431932B0F16F00012F1C3 /* Medicamento6.jpeg in Resources */ = {isa = PBXBuildFile; fileRef = 916431922B0F16F00012F1C3 /* Medicamento6.jpeg */; };
		916431952B0F17A20012F1C3 /* Medicamento7.jpg in Resources */ = {isa = PBXBuildFile; fileRef = 916431942B0F17A20012F1C3 /* Medicamento7.jpg */; };
		916431972B0F18660012F1C3 /* Medicamento8.jpg in Resources */ = {isa = PBXBuildFile; fileRef = 916431962B0F18660012F1C3 /* Medicamento8.jpg */; };
		916431992B0F18CC0012F1C3 /* Medicamento9.jpeg in Resources */ = {isa = PBXBuildFile; fileRef = 916431982B0F18CB0012F1C3 /* Medicamento9.jpeg */; };
		9164319B2B0F19F90012F1C3 /* Medicamento10.jpeg in Resources */ = {isa = PBXBuildFile; fileRef = 9164319A2B0F19F90012F1C3 /* Medicamento10.jpeg */; };
		9164319D2B0F1C810012F1C3 /* Medicamento11.jpg in Resources */ = {isa = PBXBuildFile; fileRef = 9164319C2B0F1C810012F1C3 /* Medicamento11.jpg */; };
		9164319F2B0F1F990012F1C3 /* Medicamento12.jpg in Resources */ = {isa = PBXBuildFile; fileRef = 9164319E2B0F1F980012F1C3 /* Medicamento12.jpg */; };
		916431A12B0F20650012F1C3 /* Medicamento13.jpg in Resources */ = {isa = PBXBuildFile; fileRef = 916431A02B0F20650012F1C3 /* Medicamento13.jpg */; };
		916431A32B0F214F0012F1C3 /* Medicamento14.jpg in Resources */ = {isa = PBXBuildFile; fileRef = 916431A22B0F214F0012F1C3 /* Medicamento14.jpg */; };
		916431A52B0F219E0012F1C3 /* Medicamento15.jpeg in Resources */ = {isa = PBXBuildFile; fileRef = 916431A42B0F219E0012F1C3 /* Medicamento15.jpeg */; };
		916431A72B0F21CD0012F1C3 /* Medicamento16.jpeg in Resources */ = {isa = PBXBuildFile; fileRef = 916431A62B0F21CC0012F1C3 /* Medicamento16.jpeg */; };
		916431AC2B0F2F9B0012F1C3 /* UploadViewController.swift in Sources */ = {isa = PBXBuildFile; fileRef = 916431AB2B0F2F9B0012F1C3 /* UploadViewController.swift */; };
		916431AE2B0F305C0012F1C3 /* FirebaseStorage in Frameworks */ = {isa = PBXBuildFile; productRef = 916431AD2B0F305C0012F1C3 /* FirebaseStorage */; };
		916431B02B0F305C0012F1C3 /* FirebaseStorageCombine-Community in Frameworks */ = {isa = PBXBuildFile; productRef = 916431AF2B0F305C0012F1C3 /* FirebaseStorageCombine-Community */; };
		916431B22B0FA4B10012F1C3 /* Hospital15.jpg in Resources */ = {isa = PBXBuildFile; fileRef = 916431B12B0FA4B10012F1C3 /* Hospital15.jpg */; };
		916431B42B0FA7F00012F1C3 /* Hospital16.jpg in Resources */ = {isa = PBXBuildFile; fileRef = 916431B32B0FA7EF0012F1C3 /* Hospital16.jpg */; };
		916431B72B0FAC190012F1C3 /* Home3ViewController.swift in Sources */ = {isa = PBXBuildFile; fileRef = 916431B62B0FAC190012F1C3 /* Home3ViewController.swift */; };
		916431B92B0FACBA0012F1C3 /* SignUp3ViewController.swift in Sources */ = {isa = PBXBuildFile; fileRef = 916431B82B0FACBA0012F1C3 /* SignUp3ViewController.swift */; };
		916431BB2B0FAE2E0012F1C3 /* Hospital17.jpg in Resources */ = {isa = PBXBuildFile; fileRef = 916431BA2B0FAE2D0012F1C3 /* Hospital17.jpg */; };
		916431BD2B0FB4FE0012F1C3 /* Hospital18.jpg in Resources */ = {isa = PBXBuildFile; fileRef = 916431BC2B0FB4FD0012F1C3 /* Hospital18.jpg */; };
		916431BF2B0FB6E60012F1C3 /* Hospital19.JPG in Resources */ = {isa = PBXBuildFile; fileRef = 916431BE2B0FB6E60012F1C3 /* Hospital19.JPG */; };
		916431C22B0FB97E0012F1C3 /* DownloadViewController.swift in Sources */ = {isa = PBXBuildFile; fileRef = 916431C12B0FB97E0012F1C3 /* DownloadViewController.swift */; };
		916431C52B0FC5730012F1C3 /* Upload2ViewController.swift in Sources */ = {isa = PBXBuildFile; fileRef = 916431C42B0FC5730012F1C3 /* Upload2ViewController.swift */; };
		916431C72B0FC6FD0012F1C3 /* Hospital20.jpg in Resources */ = {isa = PBXBuildFile; fileRef = 916431C62B0FC6FD0012F1C3 /* Hospital20.jpg */; };
		9186D4DF2B03DD96008A2EA3 /* AppDelegate.swift in Sources */ = {isa = PBXBuildFile; fileRef = 9186D4DE2B03DD96008A2EA3 /* AppDelegate.swift */; };
		9186D4E12B03DD96008A2EA3 /* SceneDelegate.swift in Sources */ = {isa = PBXBuildFile; fileRef = 9186D4E02B03DD96008A2EA3 /* SceneDelegate.swift */; };
		9186D4E32B03DD96008A2EA3 /* ViewController.swift in Sources */ = {isa = PBXBuildFile; fileRef = 9186D4E22B03DD96008A2EA3 /* ViewController.swift */; };
		9186D4E62B03DD96008A2EA3 /* Main.storyboard in Resources */ = {isa = PBXBuildFile; fileRef = 9186D4E42B03DD96008A2EA3 /* Main.storyboard */; };
		9186D4E82B03DD97008A2EA3 /* Assets.xcassets in Resources */ = {isa = PBXBuildFile; fileRef = 9186D4E72B03DD97008A2EA3 /* Assets.xcassets */; };
		9186D4EB2B03DD97008A2EA3 /* LaunchScreen.storyboard in Resources */ = {isa = PBXBuildFile; fileRef = 9186D4E92B03DD97008A2EA3 /* LaunchScreen.storyboard */; };
		9186D4F62B03DD97008A2EA3 /* HospitalTests.swift in Sources */ = {isa = PBXBuildFile; fileRef = 9186D4F52B03DD97008A2EA3 /* HospitalTests.swift */; };
		9186D5002B03DD98008A2EA3 /* HospitalUITests.swift in Sources */ = {isa = PBXBuildFile; fileRef = 9186D4FF2B03DD98008A2EA3 /* HospitalUITests.swift */; };
		9186D5022B03DD98008A2EA3 /* HospitalUITestsLaunchTests.swift in Sources */ = {isa = PBXBuildFile; fileRef = 9186D5012B03DD98008A2EA3 /* HospitalUITestsLaunchTests.swift */; };
		9186D50F2B03DE24008A2EA3 /* GoogleService-Info.plist in Resources */ = {isa = PBXBuildFile; fileRef = 9186D50E2B03DE24008A2EA3 /* GoogleService-Info.plist */; };
		9186D5122B03DE9D008A2EA3 /* FirebaseAnalytics in Frameworks */ = {isa = PBXBuildFile; productRef = 9186D5112B03DE9D008A2EA3 /* FirebaseAnalytics */; };
		9186D5142B03DE9D008A2EA3 /* FirebaseAnalyticsSwift in Frameworks */ = {isa = PBXBuildFile; productRef = 9186D5132B03DE9D008A2EA3 /* FirebaseAnalyticsSwift */; };
		9186D5162B03DE9D008A2EA3 /* FirebaseAuth in Frameworks */ = {isa = PBXBuildFile; productRef = 9186D5152B03DE9D008A2EA3 /* FirebaseAuth */; };
		9186D5182B03DE9D008A2EA3 /* FirebaseDatabase in Frameworks */ = {isa = PBXBuildFile; productRef = 9186D5172B03DE9D008A2EA3 /* FirebaseDatabase */; };
		9186D51A2B03DE9D008A2EA3 /* FirebaseDatabaseSwift in Frameworks */ = {isa = PBXBuildFile; productRef = 9186D5192B03DE9D008A2EA3 /* FirebaseDatabaseSwift */; };
		9186D51C2B03DE9D008A2EA3 /* FirebaseFirestore in Frameworks */ = {isa = PBXBuildFile; productRef = 9186D51B2B03DE9D008A2EA3 /* FirebaseFirestore */; };
		9186D51E2B03DE9D008A2EA3 /* FirebaseFunctions in Frameworks */ = {isa = PBXBuildFile; productRef = 9186D51D2B03DE9D008A2EA3 /* FirebaseFunctions */; };
		9186D5202B03DF39008A2EA3 /* SignUpViewController.swift in Sources */ = {isa = PBXBuildFile; fileRef = 9186D51F2B03DF39008A2EA3 /* SignUpViewController.swift */; };
		9186D5222B03DFC2008A2EA3 /* LoginViewController.swift in Sources */ = {isa = PBXBuildFile; fileRef = 9186D5212B03DFC2008A2EA3 /* LoginViewController.swift */; };
		9186D5262B03E064008A2EA3 /* Utilities.swift in Sources */ = {isa = PBXBuildFile; fileRef = 9186D5252B03E064008A2EA3 /* Utilities.swift */; };
		9186D5282B03E06B008A2EA3 /* Constants.swift in Sources */ = {isa = PBXBuildFile; fileRef = 9186D5272B03E06B008A2EA3 /* Constants.swift */; };
		9186D52D2B04222C008A2EA3 /* Hospital1.jpg in Resources */ = {isa = PBXBuildFile; fileRef = 9186D52C2B04222C008A2EA3 /* Hospital1.jpg */; };
		918BB5D92B0D19F9001F1443 /* Constans2.swift in Sources */ = {isa = PBXBuildFile; fileRef = 918BB5D82B0D19F9001F1443 /* Constans2.swift */; };
		918BB5DC2B0D22BE001F1443 /* ListViewController.swift in Sources */ = {isa = PBXBuildFile; fileRef = 918BB5DB2B0D22BE001F1443 /* ListViewController.swift */; };
		918BB5DF2B0D230B001F1443 /* ContactTableViewCell.swift in Sources */ = {isa = PBXBuildFile; fileRef = 918BB5DE2B0D230B001F1443 /* ContactTableViewCell.swift */; };
		918BB5E12B0D2313001F1443 /* ContactTableViewCell.xib in Resources */ = {isa = PBXBuildFile; fileRef = 918BB5E02B0D2313001F1443 /* ContactTableViewCell.xib */; };
		918BB5E32B0D2333001F1443 /* ContactListViewModel.swift in Sources */ = {isa = PBXBuildFile; fileRef = 918BB5E22B0D2333001F1443 /* ContactListViewModel.swift */; };
		918BB5E52B0D2349001F1443 /* Contact.swift in Sources */ = {isa = PBXBuildFile; fileRef = 918BB5E42B0D2349001F1443 /* Contact.swift */; };
		918BB5E72B0D2357001F1443 /* DetailViewController.swift in Sources */ = {isa = PBXBuildFile; fileRef = 918BB5E62B0D2357001F1443 /* DetailViewController.swift */; };
		918BB5E92B0D235D001F1443 /* DetailViewController.xib in Resources */ = {isa = PBXBuildFile; fileRef = 918BB5E82B0D235C001F1443 /* DetailViewController.xib */; };
		918BB5EB2B0D239B001F1443 /* FirebaseFirestoreSwift in Frameworks */ = {isa = PBXBuildFile; productRef = 918BB5EA2B0D239B001F1443 /* FirebaseFirestoreSwift */; };
		918BB5ED2B0D244E001F1443 /* ContactDetailViewModel.swift in Sources */ = {isa = PBXBuildFile; fileRef = 918BB5EC2B0D244E001F1443 /* ContactDetailViewModel.swift */; };
		918BB5EF2B0D2A4A001F1443 /* ListViewController.xib in Resources */ = {isa = PBXBuildFile; fileRef = 918BB5EE2B0D2A49001F1443 /* ListViewController.xib */; };
		918BB5F12B0D2BC6001F1443 /* MenuDoctorViewController.swift in Sources */ = {isa = PBXBuildFile; fileRef = 918BB5F02B0D2BC6001F1443 /* MenuDoctorViewController.swift */; };
		91B1A1AE2B0427C5007284AF /* Hospital2.jpg in Resources */ = {isa = PBXBuildFile; fileRef = 91B1A1AD2B0427C5007284AF /* Hospital2.jpg */; };
		91B1A1B02B042BB0007284AF /* Hospital3.jpg in Resources */ = {isa = PBXBuildFile; fileRef = 91B1A1AF2B042BB0007284AF /* Hospital3.jpg */; };
		91B1A1B22B042C01007284AF /* Hospital4.jpg in Resources */ = {isa = PBXBuildFile; fileRef = 91B1A1B12B042C01007284AF /* Hospital4.jpg */; };
		91B1A1B42B042C88007284AF /* Hospital5.jpg in Resources */ = {isa = PBXBuildFile; fileRef = 91B1A1B32B042C88007284AF /* Hospital5.jpg */; };
		91B1A1B62B042E58007284AF /* MapsViewController.swift in Sources */ = {isa = PBXBuildFile; fileRef = 91B1A1B52B042E58007284AF /* MapsViewController.swift */; };
		91B1A1B82B042E60007284AF /* Maps2ViewController.swift in Sources */ = {isa = PBXBuildFile; fileRef = 91B1A1B72B042E60007284AF /* Maps2ViewController.swift */; };
		91B1A1BA2B042E6C007284AF /* Hospital1ViewController.swift in Sources */ = {isa = PBXBuildFile; fileRef = 91B1A1B92B042E6C007284AF /* Hospital1ViewController.swift */; };
		91B1A1BC2B042E72007284AF /* Hospital2ViewController.swift in Sources */ = {isa = PBXBuildFile; fileRef = 91B1A1BB2B042E72007284AF /* Hospital2ViewController.swift */; };
		91B1A1BE2B042EEB007284AF /* Hospital3ViewController.swift in Sources */ = {isa = PBXBuildFile; fileRef = 91B1A1BD2B042EEB007284AF /* Hospital3ViewController.swift */; };
		91B1A1C22B043022007284AF /* Hospital4ViewController.swift in Sources */ = {isa = PBXBuildFile; fileRef = 91B1A1C12B043022007284AF /* Hospital4ViewController.swift */; };
		91B1A1C62B04360C007284AF /* Hospital6.jpg in Resources */ = {isa = PBXBuildFile; fileRef = 91B1A1C52B04360C007284AF /* Hospital6.jpg */; };
		91B1A1C82B043923007284AF /* Hospital7.JPG in Resources */ = {isa = PBXBuildFile; fileRef = 91B1A1C72B043923007284AF /* Hospital7.JPG */; };
		91B1A1D02B055F0B007284AF /* HomeViewController.swift in Sources */ = {isa = PBXBuildFile; fileRef = 91B1A1CF2B055F0B007284AF /* HomeViewController.swift */; };
		91B1A1D22B05B3F8007284AF /* Hospital8.jpg in Resources */ = {isa = PBXBuildFile; fileRef = 91B1A1D12B05B3F8007284AF /* Hospital8.jpg */; };
		91B1A1D62B05B9EF007284AF /* Home2ViewController.swift in Sources */ = {isa = PBXBuildFile; fileRef = 91B1A1D52B05B9EF007284AF /* Home2ViewController.swift */; };
		91B1A1DE2B05D2FB007284AF /* Maps3ViewController.swift in Sources */ = {isa = PBXBuildFile; fileRef = 91B1A1DD2B05D2FB007284AF /* Maps3ViewController.swift */; };
		91B1A1E22B05D308007284AF /* Maps4ViewController.swift in Sources */ = {isa = PBXBuildFile; fileRef = 91B1A1E12B05D308007284AF /* Maps4ViewController.swift */; };
		91B1A1E42B05D8BA007284AF /* Login2ViewController.swift in Sources */ = {isa = PBXBuildFile; fileRef = 91B1A1E32B05D8BA007284AF /* Login2ViewController.swift */; };
		91B1A1E62B05E1CB007284AF /* Hospital9.jpg in Resources */ = {isa = PBXBuildFile; fileRef = 91B1A1E52B05E1CB007284AF /* Hospital9.jpg */; };
		91B1A1E82B06CB8D007284AF /* Hospital10.jpg in Resources */ = {isa = PBXBuildFile; fileRef = 91B1A1E72B06CB8C007284AF /* Hospital10.jpg */; };
/* End PBXBuildFile section */

/* Begin PBXContainerItemProxy section */
		9186D4F22B03DD97008A2EA3 /* PBXContainerItemProxy */ = {
			isa = PBXContainerItemProxy;
			containerPortal = 9186D4D32B03DD95008A2EA3 /* Project object */;
			proxyType = 1;
			remoteGlobalIDString = 9186D4DA2B03DD96008A2EA3;
			remoteInfo = Hospital;
		};
		9186D4FC2B03DD97008A2EA3 /* PBXContainerItemProxy */ = {
			isa = PBXContainerItemProxy;
			containerPortal = 9186D4D32B03DD95008A2EA3 /* Project object */;
			proxyType = 1;
			remoteGlobalIDString = 9186D4DA2B03DD96008A2EA3;
			remoteInfo = Hospital;
		};
/* End PBXContainerItemProxy section */

/* Begin PBXFileReference section */
		916431792B0DD32F0012F1C3 /* MisDatosViewController.swift */ = {isa = PBXFileReference; lastKnownFileType = sourcecode.swift; path = MisDatosViewController.swift; sourceTree = "<group>"; };
		9164317C2B0E53050012F1C3 /* AgendarViewController.swift */ = {isa = PBXFileReference; lastKnownFileType = sourcecode.swift; path = AgendarViewController.swift; sourceTree = "<group>"; };
		9164317E2B0F00900012F1C3 /* Hospital11.jpg */ = {isa = PBXFileReference; lastKnownFileType = image.jpeg; path = Hospital11.jpg; sourceTree = "<group>"; };
		916431812B0F0CDD0012F1C3 /* Hospital12.jpg */ = {isa = PBXFileReference; lastKnownFileType = image.jpeg; path = Hospital12.jpg; sourceTree = "<group>"; };
		916431832B0F0ECD0012F1C3 /* Hospital13.jpg */ = {isa = PBXFileReference; lastKnownFileType = image.jpeg; path = Hospital13.jpg; sourceTree = "<group>"; };
		916431862B0F11810012F1C3 /* Medicamento1.JPEG */ = {isa = PBXFileReference; lastKnownFileType = image.jpeg; path = Medicamento1.JPEG; sourceTree = "<group>"; };
		916431882B0F12310012F1C3 /* Medicamento2.jpeg */ = {isa = PBXFileReference; lastKnownFileType = image.jpeg; path = Medicamento2.jpeg; sourceTree = "<group>"; };
		9164318A2B0F12CE0012F1C3 /* Medicamento3.jpeg */ = {isa = PBXFileReference; lastKnownFileType = image.jpeg; path = Medicamento3.jpeg; sourceTree = "<group>"; };
		9164318C2B0F139D0012F1C3 /* Medicamento4.jpeg */ = {isa = PBXFileReference; lastKnownFileType = image.jpeg; path = Medicamento4.jpeg; sourceTree = "<group>"; };
		9164318E2B0F141E0012F1C3 /* Medicamento5.jpeg */ = {isa = PBXFileReference; lastKnownFileType = image.jpeg; path = Medicamento5.jpeg; sourceTree = "<group>"; };
		916431902B0F15620012F1C3 /* Hospital14.jpg */ = {isa = PBXFileReference; lastKnownFileType = image.jpeg; path = Hospital14.jpg; sourceTree = "<group>"; };
		916431922B0F16F00012F1C3 /* Medicamento6.jpeg */ = {isa = PBXFileReference; lastKnownFileType = image.jpeg; path = Medicamento6.jpeg; sourceTree = "<group>"; };
		916431942B0F17A20012F1C3 /* Medicamento7.jpg */ = {isa = PBXFileReference; lastKnownFileType = image.jpeg; path = Medicamento7.jpg; sourceTree = "<group>"; };
		916431962B0F18660012F1C3 /* Medicamento8.jpg */ = {isa = PBXFileReference; lastKnownFileType = image.jpeg; path = Medicamento8.jpg; sourceTree = "<group>"; };
		916431982B0F18CB0012F1C3 /* Medicamento9.jpeg */ = {isa = PBXFileReference; lastKnownFileType = image.jpeg; path = Medicamento9.jpeg; sourceTree = "<group>"; };
		9164319A2B0F19F90012F1C3 /* Medicamento10.jpeg */ = {isa = PBXFileReference; lastKnownFileType = image.jpeg; path = Medicamento10.jpeg; sourceTree = "<group>"; };
		9164319C2B0F1C810012F1C3 /* Medicamento11.jpg */ = {isa = PBXFileReference; lastKnownFileType = image.jpeg; path = Medicamento11.jpg; sourceTree = "<group>"; };
		9164319E2B0F1F980012F1C3 /* Medicamento12.jpg */ = {isa = PBXFileReference; lastKnownFileType = image.jpeg; path = Medicamento12.jpg; sourceTree = "<group>"; };
		916431A02B0F20650012F1C3 /* Medicamento13.jpg */ = {isa = PBXFileReference; lastKnownFileType = image.jpeg; path = Medicamento13.jpg; sourceTree = "<group>"; };
		916431A22B0F214F0012F1C3 /* Medicamento14.jpg */ = {isa = PBXFileReference; lastKnownFileType = image.jpeg; path = Medicamento14.jpg; sourceTree = "<group>"; };
		916431A42B0F219E0012F1C3 /* Medicamento15.jpeg */ = {isa = PBXFileReference; lastKnownFileType = image.jpeg; path = Medicamento15.jpeg; sourceTree = "<group>"; };
		916431A62B0F21CC0012F1C3 /* Medicamento16.jpeg */ = {isa = PBXFileReference; lastKnownFileType = image.jpeg; path = Medicamento16.jpeg; sourceTree = "<group>"; };
		916431AB2B0F2F9B0012F1C3 /* UploadViewController.swift */ = {isa = PBXFileReference; lastKnownFileType = sourcecode.swift; path = UploadViewController.swift; sourceTree = "<group>"; };
		916431B12B0FA4B10012F1C3 /* Hospital15.jpg */ = {isa = PBXFileReference; lastKnownFileType = image.jpeg; path = Hospital15.jpg; sourceTree = "<group>"; };
		916431B32B0FA7EF0012F1C3 /* Hospital16.jpg */ = {isa = PBXFileReference; lastKnownFileType = image.jpeg; path = Hospital16.jpg; sourceTree = "<group>"; };
		916431B62B0FAC190012F1C3 /* Home3ViewController.swift */ = {isa = PBXFileReference; lastKnownFileType = sourcecode.swift; path = Home3ViewController.swift; sourceTree = "<group>"; };
		916431B82B0FACBA0012F1C3 /* SignUp3ViewController.swift */ = {isa = PBXFileReference; lastKnownFileType = sourcecode.swift; path = SignUp3ViewController.swift; sourceTree = "<group>"; };
		916431BA2B0FAE2D0012F1C3 /* Hospital17.jpg */ = {isa = PBXFileReference; lastKnownFileType = image.jpeg; path = Hospital17.jpg; sourceTree = "<group>"; };
		916431BC2B0FB4FD0012F1C3 /* Hospital18.jpg */ = {isa = PBXFileReference; lastKnownFileType = image.jpeg; path = Hospital18.jpg; sourceTree = "<group>"; };
		916431BE2B0FB6E60012F1C3 /* Hospital19.JPG */ = {isa = PBXFileReference; lastKnownFileType = image.jpeg; path = Hospital19.JPG; sourceTree = "<group>"; };
		916431C12B0FB97E0012F1C3 /* DownloadViewController.swift */ = {isa = PBXFileReference; lastKnownFileType = sourcecode.swift; path = DownloadViewController.swift; sourceTree = "<group>"; };
		916431C42B0FC5730012F1C3 /* Upload2ViewController.swift */ = {isa = PBXFileReference; lastKnownFileType = sourcecode.swift; path = Upload2ViewController.swift; sourceTree = "<group>"; };
		916431C62B0FC6FD0012F1C3 /* Hospital20.jpg */ = {isa = PBXFileReference; lastKnownFileType = image.jpeg; path = Hospital20.jpg; sourceTree = "<group>"; };
		9186D4DB2B03DD96008A2EA3 /* Hospital.app */ = {isa = PBXFileReference; explicitFileType = wrapper.application; includeInIndex = 0; path = Hospital.app; sourceTree = BUILT_PRODUCTS_DIR; };
		9186D4DE2B03DD96008A2EA3 /* AppDelegate.swift */ = {isa = PBXFileReference; lastKnownFileType = sourcecode.swift; path = AppDelegate.swift; sourceTree = "<group>"; };
		9186D4E02B03DD96008A2EA3 /* SceneDelegate.swift */ = {isa = PBXFileReference; lastKnownFileType = sourcecode.swift; path = SceneDelegate.swift; sourceTree = "<group>"; };
		9186D4E22B03DD96008A2EA3 /* ViewController.swift */ = {isa = PBXFileReference; lastKnownFileType = sourcecode.swift; path = ViewController.swift; sourceTree = "<group>"; };
		9186D4E52B03DD96008A2EA3 /* Base */ = {isa = PBXFileReference; lastKnownFileType = file.storyboard; name = Base; path = Base.lproj/Main.storyboard; sourceTree = "<group>"; };
		9186D4E72B03DD97008A2EA3 /* Assets.xcassets */ = {isa = PBXFileReference; lastKnownFileType = folder.assetcatalog; path = Assets.xcassets; sourceTree = "<group>"; };
		9186D4EA2B03DD97008A2EA3 /* Base */ = {isa = PBXFileReference; lastKnownFileType = file.storyboard; name = Base; path = Base.lproj/LaunchScreen.storyboard; sourceTree = "<group>"; };
		9186D4EC2B03DD97008A2EA3 /* Info.plist */ = {isa = PBXFileReference; lastKnownFileType = text.plist.xml; path = Info.plist; sourceTree = "<group>"; };
		9186D4F12B03DD97008A2EA3 /* HospitalTests.xctest */ = {isa = PBXFileReference; explicitFileType = wrapper.cfbundle; includeInIndex = 0; path = HospitalTests.xctest; sourceTree = BUILT_PRODUCTS_DIR; };
		9186D4F52B03DD97008A2EA3 /* HospitalTests.swift */ = {isa = PBXFileReference; lastKnownFileType = sourcecode.swift; path = HospitalTests.swift; sourceTree = "<group>"; };
		9186D4FB2B03DD97008A2EA3 /* HospitalUITests.xctest */ = {isa = PBXFileReference; explicitFileType = wrapper.cfbundle; includeInIndex = 0; path = HospitalUITests.xctest; sourceTree = BUILT_PRODUCTS_DIR; };
		9186D4FF2B03DD98008A2EA3 /* HospitalUITests.swift */ = {isa = PBXFileReference; lastKnownFileType = sourcecode.swift; path = HospitalUITests.swift; sourceTree = "<group>"; };
		9186D5012B03DD98008A2EA3 /* HospitalUITestsLaunchTests.swift */ = {isa = PBXFileReference; lastKnownFileType = sourcecode.swift; path = HospitalUITestsLaunchTests.swift; sourceTree = "<group>"; };
		9186D50E2B03DE24008A2EA3 /* GoogleService-Info.plist */ = {isa = PBXFileReference; fileEncoding = 4; lastKnownFileType = text.plist.xml; path = "GoogleService-Info.plist"; sourceTree = "<group>"; };
		9186D51F2B03DF39008A2EA3 /* SignUpViewController.swift */ = {isa = PBXFileReference; lastKnownFileType = sourcecode.swift; path = SignUpViewController.swift; sourceTree = "<group>"; };
		9186D5212B03DFC2008A2EA3 /* LoginViewController.swift */ = {isa = PBXFileReference; lastKnownFileType = sourcecode.swift; path = LoginViewController.swift; sourceTree = "<group>"; };
		9186D5252B03E064008A2EA3 /* Utilities.swift */ = {isa = PBXFileReference; fileEncoding = 4; lastKnownFileType = sourcecode.swift; path = Utilities.swift; sourceTree = "<group>"; };
		9186D5272B03E06B008A2EA3 /* Constants.swift */ = {isa = PBXFileReference; fileEncoding = 4; lastKnownFileType = sourcecode.swift; path = Constants.swift; sourceTree = "<group>"; };
		9186D52C2B04222C008A2EA3 /* Hospital1.jpg */ = {isa = PBXFileReference; lastKnownFileType = image.jpeg; path = Hospital1.jpg; sourceTree = "<group>"; };
		918BB5D82B0D19F9001F1443 /* Constans2.swift */ = {isa = PBXFileReference; lastKnownFileType = sourcecode.swift; path = Constans2.swift; sourceTree = "<group>"; };
		918BB5DB2B0D22BE001F1443 /* ListViewController.swift */ = {isa = PBXFileReference; lastKnownFileType = sourcecode.swift; path = ListViewController.swift; sourceTree = "<group>"; };
		918BB5DE2B0D230B001F1443 /* ContactTableViewCell.swift */ = {isa = PBXFileReference; fileEncoding = 4; lastKnownFileType = sourcecode.swift; path = ContactTableViewCell.swift; sourceTree = "<group>"; };
		918BB5E02B0D2313001F1443 /* ContactTableViewCell.xib */ = {isa = PBXFileReference; fileEncoding = 4; lastKnownFileType = file.xib; path = ContactTableViewCell.xib; sourceTree = "<group>"; };
		918BB5E22B0D2333001F1443 /* ContactListViewModel.swift */ = {isa = PBXFileReference; fileEncoding = 4; lastKnownFileType = sourcecode.swift; path = ContactListViewModel.swift; sourceTree = "<group>"; };
		918BB5E42B0D2349001F1443 /* Contact.swift */ = {isa = PBXFileReference; fileEncoding = 4; lastKnownFileType = sourcecode.swift; path = Contact.swift; sourceTree = "<group>"; };
		918BB5E62B0D2357001F1443 /* DetailViewController.swift */ = {isa = PBXFileReference; fileEncoding = 4; lastKnownFileType = sourcecode.swift; path = DetailViewController.swift; sourceTree = "<group>"; };
		918BB5E82B0D235C001F1443 /* DetailViewController.xib */ = {isa = PBXFileReference; fileEncoding = 4; lastKnownFileType = file.xib; path = DetailViewController.xib; sourceTree = "<group>"; };
		918BB5EC2B0D244E001F1443 /* ContactDetailViewModel.swift */ = {isa = PBXFileReference; fileEncoding = 4; lastKnownFileType = sourcecode.swift; path = ContactDetailViewModel.swift; sourceTree = "<group>"; };
		918BB5EE2B0D2A49001F1443 /* ListViewController.xib */ = {isa = PBXFileReference; fileEncoding = 4; lastKnownFileType = file.xib; path = ListViewController.xib; sourceTree = "<group>"; };
		918BB5F02B0D2BC6001F1443 /* MenuDoctorViewController.swift */ = {isa = PBXFileReference; lastKnownFileType = sourcecode.swift; path = MenuDoctorViewController.swift; sourceTree = "<group>"; };
		91B1A1AD2B0427C5007284AF /* Hospital2.jpg */ = {isa = PBXFileReference; lastKnownFileType = image.jpeg; path = Hospital2.jpg; sourceTree = "<group>"; };
		91B1A1AF2B042BB0007284AF /* Hospital3.jpg */ = {isa = PBXFileReference; lastKnownFileType = image.jpeg; path = Hospital3.jpg; sourceTree = "<group>"; };
		91B1A1B12B042C01007284AF /* Hospital4.jpg */ = {isa = PBXFileReference; lastKnownFileType = image.jpeg; path = Hospital4.jpg; sourceTree = "<group>"; };
		91B1A1B32B042C88007284AF /* Hospital5.jpg */ = {isa = PBXFileReference; lastKnownFileType = image.jpeg; path = Hospital5.jpg; sourceTree = "<group>"; };
		91B1A1B52B042E58007284AF /* MapsViewController.swift */ = {isa = PBXFileReference; fileEncoding = 4; lastKnownFileType = sourcecode.swift; path = MapsViewController.swift; sourceTree = "<group>"; };
		91B1A1B72B042E60007284AF /* Maps2ViewController.swift */ = {isa = PBXFileReference; fileEncoding = 4; lastKnownFileType = sourcecode.swift; path = Maps2ViewController.swift; sourceTree = "<group>"; };
		91B1A1B92B042E6C007284AF /* Hospital1ViewController.swift */ = {isa = PBXFileReference; fileEncoding = 4; lastKnownFileType = sourcecode.swift; path = Hospital1ViewController.swift; sourceTree = "<group>"; };
		91B1A1BB2B042E72007284AF /* Hospital2ViewController.swift */ = {isa = PBXFileReference; fileEncoding = 4; lastKnownFileType = sourcecode.swift; path = Hospital2ViewController.swift; sourceTree = "<group>"; };
		91B1A1BD2B042EEB007284AF /* Hospital3ViewController.swift */ = {isa = PBXFileReference; fileEncoding = 4; lastKnownFileType = sourcecode.swift; path = Hospital3ViewController.swift; sourceTree = "<group>"; };
		91B1A1C12B043022007284AF /* Hospital4ViewController.swift */ = {isa = PBXFileReference; fileEncoding = 4; lastKnownFileType = sourcecode.swift; path = Hospital4ViewController.swift; sourceTree = "<group>"; };
		91B1A1C52B04360C007284AF /* Hospital6.jpg */ = {isa = PBXFileReference; lastKnownFileType = image.jpeg; path = Hospital6.jpg; sourceTree = "<group>"; };
		91B1A1C72B043923007284AF /* Hospital7.JPG */ = {isa = PBXFileReference; lastKnownFileType = image.jpeg; path = Hospital7.JPG; sourceTree = "<group>"; };
		91B1A1CF2B055F0B007284AF /* HomeViewController.swift */ = {isa = PBXFileReference; lastKnownFileType = sourcecode.swift; path = HomeViewController.swift; sourceTree = "<group>"; };
		91B1A1D12B05B3F8007284AF /* Hospital8.jpg */ = {isa = PBXFileReference; lastKnownFileType = image.jpeg; path = Hospital8.jpg; sourceTree = "<group>"; };
		91B1A1D52B05B9EF007284AF /* Home2ViewController.swift */ = {isa = PBXFileReference; lastKnownFileType = sourcecode.swift; path = Home2ViewController.swift; sourceTree = "<group>"; };
		91B1A1DD2B05D2FB007284AF /* Maps3ViewController.swift */ = {isa = PBXFileReference; lastKnownFileType = sourcecode.swift; path = Maps3ViewController.swift; sourceTree = "<group>"; };
		91B1A1E12B05D308007284AF /* Maps4ViewController.swift */ = {isa = PBXFileReference; lastKnownFileType = sourcecode.swift; path = Maps4ViewController.swift; sourceTree = "<group>"; };
		91B1A1E32B05D8BA007284AF /* Login2ViewController.swift */ = {isa = PBXFileReference; lastKnownFileType = sourcecode.swift; path = Login2ViewController.swift; sourceTree = "<group>"; };
		91B1A1E52B05E1CB007284AF /* Hospital9.jpg */ = {isa = PBXFileReference; lastKnownFileType = image.jpeg; path = Hospital9.jpg; sourceTree = "<group>"; };
		91B1A1E72B06CB8C007284AF /* Hospital10.jpg */ = {isa = PBXFileReference; lastKnownFileType = image.jpeg; path = Hospital10.jpg; sourceTree = "<group>"; };
/* End PBXFileReference section */

/* Begin PBXFrameworksBuildPhase section */
		9186D4D82B03DD96008A2EA3 /* Frameworks */ = {
			isa = PBXFrameworksBuildPhase;
			buildActionMask = 2147483647;
			files = (
				9186D51A2B03DE9D008A2EA3 /* FirebaseDatabaseSwift in Frameworks */,
				9186D51E2B03DE9D008A2EA3 /* FirebaseFunctions in Frameworks */,
				916431B02B0F305C0012F1C3 /* FirebaseStorageCombine-Community in Frameworks */,
				916431AE2B0F305C0012F1C3 /* FirebaseStorage in Frameworks */,
				9186D5142B03DE9D008A2EA3 /* FirebaseAnalyticsSwift in Frameworks */,
				9186D5162B03DE9D008A2EA3 /* FirebaseAuth in Frameworks */,
				9186D5182B03DE9D008A2EA3 /* FirebaseDatabase in Frameworks */,
				9186D5122B03DE9D008A2EA3 /* FirebaseAnalytics in Frameworks */,
				9186D51C2B03DE9D008A2EA3 /* FirebaseFirestore in Frameworks */,
				918BB5EB2B0D239B001F1443 /* FirebaseFirestoreSwift in Frameworks */,
			);
			runOnlyForDeploymentPostprocessing = 0;
		};
		9186D4EE2B03DD97008A2EA3 /* Frameworks */ = {
			isa = PBXFrameworksBuildPhase;
			buildActionMask = 2147483647;
			files = (
			);
			runOnlyForDeploymentPostprocessing = 0;
		};
		9186D4F82B03DD97008A2EA3 /* Frameworks */ = {
			isa = PBXFrameworksBuildPhase;
			buildActionMask = 2147483647;
			files = (
			);
			runOnlyForDeploymentPostprocessing = 0;
		};
/* End PBXFrameworksBuildPhase section */

/* Begin PBXGroup section */
		916431782B0DD2DB0012F1C3 /* MisDatos */ = {
			isa = PBXGroup;
			children = (
				916431792B0DD32F0012F1C3 /* MisDatosViewController.swift */,
			);
			path = MisDatos;
			sourceTree = "<group>";
		};
		9164317B2B0E52EE0012F1C3 /* Cita Médica */ = {
			isa = PBXGroup;
			children = (
				9164317C2B0E53050012F1C3 /* AgendarViewController.swift */,
			);
			name = "Cita Médica";
			path = "Cita Médica";
			sourceTree = "<group>";
		};
		916431802B0F0AF20012F1C3 /* Medicamentos */ = {
			isa = PBXGroup;
			children = (
			);
			path = Medicamentos;
			sourceTree = "<group>";
		};
		916431AA2B0F2F6E0012F1C3 /* Cédulas Doctor */ = {
			isa = PBXGroup;
			children = (
				916431AB2B0F2F9B0012F1C3 /* UploadViewController.swift */,
			);
			name = "Cédulas Doctor";
			path = "Cédulas Doctor";
			sourceTree = "<group>";
		};
		916431B52B0FABD80012F1C3 /* Login y Registro Admin */ = {
			isa = PBXGroup;
			children = (
				916431B62B0FAC190012F1C3 /* Home3ViewController.swift */,
				916431B82B0FACBA0012F1C3 /* SignUp3ViewController.swift */,
			);
			path = "Login y Registro Admin";
			sourceTree = "<group>";
		};
		916431C02B0FB93A0012F1C3 /* Cédulas Admin */ = {
			isa = PBXGroup;
			children = (
				916431C12B0FB97E0012F1C3 /* DownloadViewController.swift */,
			);
			name = "Cédulas Admin";
			path = "Archivo Cédulas";
			sourceTree = "<group>";
		};
		916431C32B0FC5370012F1C3 /* Archivos Doctor */ = {
			isa = PBXGroup;
			children = (
				916431C42B0FC5730012F1C3 /* Upload2ViewController.swift */,
			);
			path = "Archivos Doctor";
			sourceTree = "<group>";
		};
		9186D4D22B03DD95008A2EA3 = {
			isa = PBXGroup;
			children = (
				9186D4DD2B03DD96008A2EA3 /* Hospital */,
				9186D4F42B03DD97008A2EA3 /* HospitalTests */,
				9186D4FE2B03DD98008A2EA3 /* HospitalUITests */,
				9186D4DC2B03DD96008A2EA3 /* Products */,
			);
			sourceTree = "<group>";
		};
		9186D4DC2B03DD96008A2EA3 /* Products */ = {
			isa = PBXGroup;
			children = (
				9186D4DB2B03DD96008A2EA3 /* Hospital.app */,
				9186D4F12B03DD97008A2EA3 /* HospitalTests.xctest */,
				9186D4FB2B03DD97008A2EA3 /* HospitalUITests.xctest */,
			);
			name = Products;
			sourceTree = "<group>";
		};
		9186D4DD2B03DD96008A2EA3 /* Hospital */ = {
			isa = PBXGroup;
			children = (
				916431C32B0FC5370012F1C3 /* Archivos Doctor */,
				916431C02B0FB93A0012F1C3 /* Cédulas Admin */,
				916431B52B0FABD80012F1C3 /* Login y Registro Admin */,
				916431AA2B0F2F6E0012F1C3 /* Cédulas Doctor */,
				916431802B0F0AF20012F1C3 /* Medicamentos */,
				9164317B2B0E52EE0012F1C3 /* Cita Médica */,
				916431782B0DD2DB0012F1C3 /* MisDatos */,
				918BB5DD2B0D22CD001F1443 /* Usuarios */,
				918BB5DA2B0D1E07001F1443 /* Login y Registro Doctor */,
				91B1A1DC2B05D2E2007284AF /* Maps Hospitales */,
				91B1A1DB2B05D281007284AF /* Login y Registro Usuario */,
				9186D52E2B042242008A2EA3 /* Imagenes */,
				9186D4DE2B03DD96008A2EA3 /* AppDelegate.swift */,
				9186D4E02B03DD96008A2EA3 /* SceneDelegate.swift */,
				9186D4E22B03DD96008A2EA3 /* ViewController.swift */,
				9186D4E42B03DD96008A2EA3 /* Main.storyboard */,
				9186D4E72B03DD97008A2EA3 /* Assets.xcassets */,
				9186D4E92B03DD97008A2EA3 /* LaunchScreen.storyboard */,
				9186D4EC2B03DD97008A2EA3 /* Info.plist */,
				9186D50E2B03DE24008A2EA3 /* GoogleService-Info.plist */,
				9186D5252B03E064008A2EA3 /* Utilities.swift */,
			);
			path = Hospital;
			sourceTree = "<group>";
		};
		9186D4F42B03DD97008A2EA3 /* HospitalTests */ = {
			isa = PBXGroup;
			children = (
				9186D4F52B03DD97008A2EA3 /* HospitalTests.swift */,
			);
			path = HospitalTests;
			sourceTree = "<group>";
		};
		9186D4FE2B03DD98008A2EA3 /* HospitalUITests */ = {
			isa = PBXGroup;
			children = (
				9186D4FF2B03DD98008A2EA3 /* HospitalUITests.swift */,
				9186D5012B03DD98008A2EA3 /* HospitalUITestsLaunchTests.swift */,
			);
			path = HospitalUITests;
			sourceTree = "<group>";
		};
		9186D52E2B042242008A2EA3 /* Imagenes */ = {
			isa = PBXGroup;
			children = (
				916431A62B0F21CC0012F1C3 /* Medicamento16.jpeg */,
				916431A42B0F219E0012F1C3 /* Medicamento15.jpeg */,
				916431A22B0F214F0012F1C3 /* Medicamento14.jpg */,
				916431A02B0F20650012F1C3 /* Medicamento13.jpg */,
				9164319E2B0F1F980012F1C3 /* Medicamento12.jpg */,
				9164319C2B0F1C810012F1C3 /* Medicamento11.jpg */,
				9164319A2B0F19F90012F1C3 /* Medicamento10.jpeg */,
				916431982B0F18CB0012F1C3 /* Medicamento9.jpeg */,
				916431962B0F18660012F1C3 /* Medicamento8.jpg */,
				916431942B0F17A20012F1C3 /* Medicamento7.jpg */,
				916431922B0F16F00012F1C3 /* Medicamento6.jpeg */,
				9164318E2B0F141E0012F1C3 /* Medicamento5.jpeg */,
				9164318C2B0F139D0012F1C3 /* Medicamento4.jpeg */,
				9164318A2B0F12CE0012F1C3 /* Medicamento3.jpeg */,
				916431882B0F12310012F1C3 /* Medicamento2.jpeg */,
				916431862B0F11810012F1C3 /* Medicamento1.JPEG */,
				916431C62B0FC6FD0012F1C3 /* Hospital20.jpg */,
				916431BE2B0FB6E60012F1C3 /* Hospital19.JPG */,
				916431BC2B0FB4FD0012F1C3 /* Hospital18.jpg */,
				916431BA2B0FAE2D0012F1C3 /* Hospital17.jpg */,
				916431B32B0FA7EF0012F1C3 /* Hospital16.jpg */,
				916431B12B0FA4B10012F1C3 /* Hospital15.jpg */,
				916431902B0F15620012F1C3 /* Hospital14.jpg */,
				916431832B0F0ECD0012F1C3 /* Hospital13.jpg */,
				916431812B0F0CDD0012F1C3 /* Hospital12.jpg */,
				9164317E2B0F00900012F1C3 /* Hospital11.jpg */,
				91B1A1E72B06CB8C007284AF /* Hospital10.jpg */,
				91B1A1E52B05E1CB007284AF /* Hospital9.jpg */,
				91B1A1D12B05B3F8007284AF /* Hospital8.jpg */,
				91B1A1C72B043923007284AF /* Hospital7.JPG */,
				91B1A1C52B04360C007284AF /* Hospital6.jpg */,
				91B1A1B32B042C88007284AF /* Hospital5.jpg */,
				91B1A1B12B042C01007284AF /* Hospital4.jpg */,
				91B1A1AF2B042BB0007284AF /* Hospital3.jpg */,
				91B1A1AD2B0427C5007284AF /* Hospital2.jpg */,
				9186D52C2B04222C008A2EA3 /* Hospital1.jpg */,
			);
			path = Imagenes;
			sourceTree = "<group>";
		};
		918BB5DA2B0D1E07001F1443 /* Login y Registro Doctor */ = {
			isa = PBXGroup;
			children = (
				91B1A1E32B05D8BA007284AF /* Login2ViewController.swift */,
				91B1A1D52B05B9EF007284AF /* Home2ViewController.swift */,
				918BB5D82B0D19F9001F1443 /* Constans2.swift */,
				918BB5F02B0D2BC6001F1443 /* MenuDoctorViewController.swift */,
			);
			path = "Login y Registro Doctor";
			sourceTree = "<group>";
		};
		918BB5DD2B0D22CD001F1443 /* Usuarios */ = {
			isa = PBXGroup;
			children = (
				918BB5EE2B0D2A49001F1443 /* ListViewController.xib */,
				918BB5DB2B0D22BE001F1443 /* ListViewController.swift */,
				918BB5DE2B0D230B001F1443 /* ContactTableViewCell.swift */,
				918BB5E02B0D2313001F1443 /* ContactTableViewCell.xib */,
				918BB5E22B0D2333001F1443 /* ContactListViewModel.swift */,
				918BB5E42B0D2349001F1443 /* Contact.swift */,
				918BB5E62B0D2357001F1443 /* DetailViewController.swift */,
				918BB5E82B0D235C001F1443 /* DetailViewController.xib */,
				918BB5EC2B0D244E001F1443 /* ContactDetailViewModel.swift */,
			);
			path = Usuarios;
			sourceTree = "<group>";
		};
		91B1A1DB2B05D281007284AF /* Login y Registro Usuario */ = {
			isa = PBXGroup;
			children = (
				9186D5212B03DFC2008A2EA3 /* LoginViewController.swift */,
				91B1A1CF2B055F0B007284AF /* HomeViewController.swift */,
				9186D51F2B03DF39008A2EA3 /* SignUpViewController.swift */,
				9186D5272B03E06B008A2EA3 /* Constants.swift */,
			);
			path = "Login y Registro Usuario";
			sourceTree = "<group>";
		};
		91B1A1DC2B05D2E2007284AF /* Maps Hospitales */ = {
			isa = PBXGroup;
			children = (
				91B1A1B92B042E6C007284AF /* Hospital1ViewController.swift */,
				91B1A1BB2B042E72007284AF /* Hospital2ViewController.swift */,
				91B1A1BD2B042EEB007284AF /* Hospital3ViewController.swift */,
				91B1A1C12B043022007284AF /* Hospital4ViewController.swift */,
				91B1A1B52B042E58007284AF /* MapsViewController.swift */,
				91B1A1B72B042E60007284AF /* Maps2ViewController.swift */,
				91B1A1E12B05D308007284AF /* Maps4ViewController.swift */,
				91B1A1DD2B05D2FB007284AF /* Maps3ViewController.swift */,
			);
			path = "Maps Hospitales";
			sourceTree = "<group>";
		};
/* End PBXGroup section */

/* Begin PBXNativeTarget section */
		9186D4DA2B03DD96008A2EA3 /* Hospital */ = {
			isa = PBXNativeTarget;
			buildConfigurationList = 9186D5052B03DD98008A2EA3 /* Build configuration list for PBXNativeTarget "Hospital" */;
			buildPhases = (
				9186D4D72B03DD96008A2EA3 /* Sources */,
				9186D4D82B03DD96008A2EA3 /* Frameworks */,
				9186D4D92B03DD96008A2EA3 /* Resources */,
			);
			buildRules = (
			);
			dependencies = (
			);
			name = Hospital;
			packageProductDependencies = (
				9186D5112B03DE9D008A2EA3 /* FirebaseAnalytics */,
				9186D5132B03DE9D008A2EA3 /* FirebaseAnalyticsSwift */,
				9186D5152B03DE9D008A2EA3 /* FirebaseAuth */,
				9186D5172B03DE9D008A2EA3 /* FirebaseDatabase */,
				9186D5192B03DE9D008A2EA3 /* FirebaseDatabaseSwift */,
				9186D51B2B03DE9D008A2EA3 /* FirebaseFirestore */,
				9186D51D2B03DE9D008A2EA3 /* FirebaseFunctions */,
				918BB5EA2B0D239B001F1443 /* FirebaseFirestoreSwift */,
				916431AD2B0F305C0012F1C3 /* FirebaseStorage */,
				916431AF2B0F305C0012F1C3 /* FirebaseStorageCombine-Community */,
			);
			productName = Hospital;
			productReference = 9186D4DB2B03DD96008A2EA3 /* Hospital.app */;
			productType = "com.apple.product-type.application";
		};
		9186D4F02B03DD97008A2EA3 /* HospitalTests */ = {
			isa = PBXNativeTarget;
			buildConfigurationList = 9186D5082B03DD98008A2EA3 /* Build configuration list for PBXNativeTarget "HospitalTests" */;
			buildPhases = (
				9186D4ED2B03DD97008A2EA3 /* Sources */,
				9186D4EE2B03DD97008A2EA3 /* Frameworks */,
				9186D4EF2B03DD97008A2EA3 /* Resources */,
			);
			buildRules = (
			);
			dependencies = (
				9186D4F32B03DD97008A2EA3 /* PBXTargetDependency */,
			);
			name = HospitalTests;
			productName = HospitalTests;
			productReference = 9186D4F12B03DD97008A2EA3 /* HospitalTests.xctest */;
			productType = "com.apple.product-type.bundle.unit-test";
		};
		9186D4FA2B03DD97008A2EA3 /* HospitalUITests */ = {
			isa = PBXNativeTarget;
			buildConfigurationList = 9186D50B2B03DD98008A2EA3 /* Build configuration list for PBXNativeTarget "HospitalUITests" */;
			buildPhases = (
				9186D4F72B03DD97008A2EA3 /* Sources */,
				9186D4F82B03DD97008A2EA3 /* Frameworks */,
				9186D4F92B03DD97008A2EA3 /* Resources */,
			);
			buildRules = (
			);
			dependencies = (
				9186D4FD2B03DD97008A2EA3 /* PBXTargetDependency */,
			);
			name = HospitalUITests;
			productName = HospitalUITests;
			productReference = 9186D4FB2B03DD97008A2EA3 /* HospitalUITests.xctest */;
			productType = "com.apple.product-type.bundle.ui-testing";
		};
/* End PBXNativeTarget section */

/* Begin PBXProject section */
		9186D4D32B03DD95008A2EA3 /* Project object */ = {
			isa = PBXProject;
			attributes = {
				BuildIndependentTargetsInParallel = 1;
				LastSwiftUpdateCheck = 1500;
				LastUpgradeCheck = 1500;
				TargetAttributes = {
					9186D4DA2B03DD96008A2EA3 = {
						CreatedOnToolsVersion = 15.0.1;
					};
					9186D4F02B03DD97008A2EA3 = {
						CreatedOnToolsVersion = 15.0.1;
						TestTargetID = 9186D4DA2B03DD96008A2EA3;
					};
					9186D4FA2B03DD97008A2EA3 = {
						CreatedOnToolsVersion = 15.0.1;
						TestTargetID = 9186D4DA2B03DD96008A2EA3;
					};
				};
			};
			buildConfigurationList = 9186D4D62B03DD95008A2EA3 /* Build configuration list for PBXProject "Hospital" */;
			compatibilityVersion = "Xcode 14.0";
			developmentRegion = en;
			hasScannedForEncodings = 0;
			knownRegions = (
				en,
				Base,
			);
			mainGroup = 9186D4D22B03DD95008A2EA3;
			packageReferences = (
				9186D5102B03DE9D008A2EA3 /* XCRemoteSwiftPackageReference "firebase-ios-sdk" */,
			);
			productRefGroup = 9186D4DC2B03DD96008A2EA3 /* Products */;
			projectDirPath = "";
			projectRoot = "";
			targets = (
				9186D4DA2B03DD96008A2EA3 /* Hospital */,
				9186D4F02B03DD97008A2EA3 /* HospitalTests */,
				9186D4FA2B03DD97008A2EA3 /* HospitalUITests */,
			);
		};
/* End PBXProject section */

/* Begin PBXResourcesBuildPhase section */
		9186D4D92B03DD96008A2EA3 /* Resources */ = {
			isa = PBXResourcesBuildPhase;
			buildActionMask = 2147483647;
			files = (
				916431912B0F15630012F1C3 /* Hospital14.jpg in Resources */,
				9186D50F2B03DE24008A2EA3 /* GoogleService-Info.plist in Resources */,
				918BB5EF2B0D2A4A001F1443 /* ListViewController.xib in Resources */,
				9164318F2B0F141E0012F1C3 /* Medicamento5.jpeg in Resources */,
				916431A72B0F21CD0012F1C3 /* Medicamento16.jpeg in Resources */,
				9164319F2B0F1F990012F1C3 /* Medicamento12.jpg in Resources */,
				9186D4EB2B03DD97008A2EA3 /* LaunchScreen.storyboard in Resources */,
				916431892B0F12310012F1C3 /* Medicamento2.jpeg in Resources */,
				91B1A1C82B043923007284AF /* Hospital7.JPG in Resources */,
				918BB5E12B0D2313001F1443 /* ContactTableViewCell.xib in Resources */,
				916431BD2B0FB4FE0012F1C3 /* Hospital18.jpg in Resources */,
				916431A32B0F214F0012F1C3 /* Medicamento14.jpg in Resources */,
				916431A52B0F219E0012F1C3 /* Medicamento15.jpeg in Resources */,
				9164319D2B0F1C810012F1C3 /* Medicamento11.jpg in Resources */,
				916431952B0F17A20012F1C3 /* Medicamento7.jpg in Resources */,
				916431822B0F0CDD0012F1C3 /* Hospital12.jpg in Resources */,
				916431C72B0FC6FD0012F1C3 /* Hospital20.jpg in Resources */,
				9164318D2B0F139E0012F1C3 /* Medicamento4.jpeg in Resources */,
				916431BF2B0FB6E60012F1C3 /* Hospital19.JPG in Resources */,
				9186D4E82B03DD97008A2EA3 /* Assets.xcassets in Resources */,
				916431B22B0FA4B10012F1C3 /* Hospital15.jpg in Resources */,
				916431872B0F11810012F1C3 /* Medicamento1.JPEG in Resources */,
				91B1A1D22B05B3F8007284AF /* Hospital8.jpg in Resources */,
				916431A12B0F20650012F1C3 /* Medicamento13.jpg in Resources */,
				9186D52D2B04222C008A2EA3 /* Hospital1.jpg in Resources */,
				9164318B2B0F12CE0012F1C3 /* Medicamento3.jpeg in Resources */,
				91B1A1E62B05E1CB007284AF /* Hospital9.jpg in Resources */,
				916431932B0F16F00012F1C3 /* Medicamento6.jpeg in Resources */,
				91B1A1B22B042C01007284AF /* Hospital4.jpg in Resources */,
				91B1A1E82B06CB8D007284AF /* Hospital10.jpg in Resources */,
				9164317F2B0F00900012F1C3 /* Hospital11.jpg in Resources */,
				916431842B0F0ECD0012F1C3 /* Hospital13.jpg in Resources */,
				916431992B0F18CC0012F1C3 /* Medicamento9.jpeg in Resources */,
				916431B42B0FA7F00012F1C3 /* Hospital16.jpg in Resources */,
				91B1A1AE2B0427C5007284AF /* Hospital2.jpg in Resources */,
				918BB5E92B0D235D001F1443 /* DetailViewController.xib in Resources */,
				916431BB2B0FAE2E0012F1C3 /* Hospital17.jpg in Resources */,
				9186D4E62B03DD96008A2EA3 /* Main.storyboard in Resources */,
				91B1A1B42B042C88007284AF /* Hospital5.jpg in Resources */,
				916431972B0F18660012F1C3 /* Medicamento8.jpg in Resources */,
				91B1A1C62B04360C007284AF /* Hospital6.jpg in Resources */,
				9164319B2B0F19F90012F1C3 /* Medicamento10.jpeg in Resources */,
				91B1A1B02B042BB0007284AF /* Hospital3.jpg in Resources */,
			);
			runOnlyForDeploymentPostprocessing = 0;
		};
		9186D4EF2B03DD97008A2EA3 /* Resources */ = {
			isa = PBXResourcesBuildPhase;
			buildActionMask = 2147483647;
			files = (
			);
			runOnlyForDeploymentPostprocessing = 0;
		};
		9186D4F92B03DD97008A2EA3 /* Resources */ = {
			isa = PBXResourcesBuildPhase;
			buildActionMask = 2147483647;
			files = (
			);
			runOnlyForDeploymentPostprocessing = 0;
		};
/* End PBXResourcesBuildPhase section */

/* Begin PBXSourcesBuildPhase section */
		9186D4D72B03DD96008A2EA3 /* Sources */ = {
			isa = PBXSourcesBuildPhase;
			buildActionMask = 2147483647;
			files = (
				91B1A1B82B042E60007284AF /* Maps2ViewController.swift in Sources */,
				91B1A1BE2B042EEB007284AF /* Hospital3ViewController.swift in Sources */,
				91B1A1BC2B042E72007284AF /* Hospital2ViewController.swift in Sources */,
				916431B72B0FAC190012F1C3 /* Home3ViewController.swift in Sources */,
				918BB5D92B0D19F9001F1443 /* Constans2.swift in Sources */,
				9164317A2B0DD32F0012F1C3 /* MisDatosViewController.swift in Sources */,
				918BB5E52B0D2349001F1443 /* Contact.swift in Sources */,
				91B1A1E22B05D308007284AF /* Maps4ViewController.swift in Sources */,
				916431AC2B0F2F9B0012F1C3 /* UploadViewController.swift in Sources */,
				916431C52B0FC5730012F1C3 /* Upload2ViewController.swift in Sources */,
				918BB5F12B0D2BC6001F1443 /* MenuDoctorViewController.swift in Sources */,
				91B1A1DE2B05D2FB007284AF /* Maps3ViewController.swift in Sources */,
				91B1A1E42B05D8BA007284AF /* Login2ViewController.swift in Sources */,
				918BB5ED2B0D244E001F1443 /* ContactDetailViewModel.swift in Sources */,
				91B1A1B62B042E58007284AF /* MapsViewController.swift in Sources */,
				916431C22B0FB97E0012F1C3 /* DownloadViewController.swift in Sources */,
				91B1A1C22B043022007284AF /* Hospital4ViewController.swift in Sources */,
				9186D4E32B03DD96008A2EA3 /* ViewController.swift in Sources */,
				916431B92B0FACBA0012F1C3 /* SignUp3ViewController.swift in Sources */,
				9186D4DF2B03DD96008A2EA3 /* AppDelegate.swift in Sources */,
				9186D5262B03E064008A2EA3 /* Utilities.swift in Sources */,
				9186D5202B03DF39008A2EA3 /* SignUpViewController.swift in Sources */,
				9186D5222B03DFC2008A2EA3 /* LoginViewController.swift in Sources */,
				918BB5E72B0D2357001F1443 /* DetailViewController.swift in Sources */,
				91B1A1D62B05B9EF007284AF /* Home2ViewController.swift in Sources */,
				91B1A1D02B055F0B007284AF /* HomeViewController.swift in Sources */,
				9186D4E12B03DD96008A2EA3 /* SceneDelegate.swift in Sources */,
				918BB5E32B0D2333001F1443 /* ContactListViewModel.swift in Sources */,
				9164317D2B0E53050012F1C3 /* AgendarViewController.swift in Sources */,
				91B1A1BA2B042E6C007284AF /* Hospital1ViewController.swift in Sources */,
				918BB5DF2B0D230B001F1443 /* ContactTableViewCell.swift in Sources */,
				918BB5DC2B0D22BE001F1443 /* ListViewController.swift in Sources */,
				9186D5282B03E06B008A2EA3 /* Constants.swift in Sources */,
			);
			runOnlyForDeploymentPostprocessing = 0;
		};
		9186D4ED2B03DD97008A2EA3 /* Sources */ = {
			isa = PBXSourcesBuildPhase;
			buildActionMask = 2147483647;
			files = (
				9186D4F62B03DD97008A2EA3 /* HospitalTests.swift in Sources */,
			);
			runOnlyForDeploymentPostprocessing = 0;
		};
		9186D4F72B03DD97008A2EA3 /* Sources */ = {
			isa = PBXSourcesBuildPhase;
			buildActionMask = 2147483647;
			files = (
				9186D5022B03DD98008A2EA3 /* HospitalUITestsLaunchTests.swift in Sources */,
				9186D5002B03DD98008A2EA3 /* HospitalUITests.swift in Sources */,
			);
			runOnlyForDeploymentPostprocessing = 0;
		};
/* End PBXSourcesBuildPhase section */

/* Begin PBXTargetDependency section */
		9186D4F32B03DD97008A2EA3 /* PBXTargetDependency */ = {
			isa = PBXTargetDependency;
			target = 9186D4DA2B03DD96008A2EA3 /* Hospital */;
			targetProxy = 9186D4F22B03DD97008A2EA3 /* PBXContainerItemProxy */;
		};
		9186D4FD2B03DD97008A2EA3 /* PBXTargetDependency */ = {
			isa = PBXTargetDependency;
			target = 9186D4DA2B03DD96008A2EA3 /* Hospital */;
			targetProxy = 9186D4FC2B03DD97008A2EA3 /* PBXContainerItemProxy */;
		};
/* End PBXTargetDependency section */

/* Begin PBXVariantGroup section */
		9186D4E42B03DD96008A2EA3 /* Main.storyboard */ = {
			isa = PBXVariantGroup;
			children = (
				9186D4E52B03DD96008A2EA3 /* Base */,
			);
			name = Main.storyboard;
			sourceTree = "<group>";
		};
		9186D4E92B03DD97008A2EA3 /* LaunchScreen.storyboard */ = {
			isa = PBXVariantGroup;
			children = (
				9186D4EA2B03DD97008A2EA3 /* Base */,
			);
			name = LaunchScreen.storyboard;
			sourceTree = "<group>";
		};
/* End PBXVariantGroup section */

/* Begin XCBuildConfiguration section */
		9186D5032B03DD98008A2EA3 /* Debug */ = {
			isa = XCBuildConfiguration;
			buildSettings = {
				ALWAYS_SEARCH_USER_PATHS = NO;
				ASSETCATALOG_COMPILER_GENERATE_SWIFT_ASSET_SYMBOL_EXTENSIONS = YES;
				CLANG_ANALYZER_NONNULL = YES;
				CLANG_ANALYZER_NUMBER_OBJECT_CONVERSION = YES_AGGRESSIVE;
				CLANG_CXX_LANGUAGE_STANDARD = "gnu++20";
				CLANG_ENABLE_MODULES = YES;
				CLANG_ENABLE_OBJC_ARC = YES;
				CLANG_ENABLE_OBJC_WEAK = YES;
				CLANG_WARN_BLOCK_CAPTURE_AUTORELEASING = YES;
				CLANG_WARN_BOOL_CONVERSION = YES;
				CLANG_WARN_COMMA = YES;
				CLANG_WARN_CONSTANT_CONVERSION = YES;
				CLANG_WARN_DEPRECATED_OBJC_IMPLEMENTATIONS = YES;
				CLANG_WARN_DIRECT_OBJC_ISA_USAGE = YES_ERROR;
				CLANG_WARN_DOCUMENTATION_COMMENTS = YES;
				CLANG_WARN_EMPTY_BODY = YES;
				CLANG_WARN_ENUM_CONVERSION = YES;
				CLANG_WARN_INFINITE_RECURSION = YES;
				CLANG_WARN_INT_CONVERSION = YES;
				CLANG_WARN_NON_LITERAL_NULL_CONVERSION = YES;
				CLANG_WARN_OBJC_IMPLICIT_RETAIN_SELF = YES;
				CLANG_WARN_OBJC_LITERAL_CONVERSION = YES;
				CLANG_WARN_OBJC_ROOT_CLASS = YES_ERROR;
				CLANG_WARN_QUOTED_INCLUDE_IN_FRAMEWORK_HEADER = YES;
				CLANG_WARN_RANGE_LOOP_ANALYSIS = YES;
				CLANG_WARN_STRICT_PROTOTYPES = YES;
				CLANG_WARN_SUSPICIOUS_MOVE = YES;
				CLANG_WARN_UNGUARDED_AVAILABILITY = YES_AGGRESSIVE;
				CLANG_WARN_UNREACHABLE_CODE = YES;
				CLANG_WARN__DUPLICATE_METHOD_MATCH = YES;
				COPY_PHASE_STRIP = NO;
				DEBUG_INFORMATION_FORMAT = dwarf;
				ENABLE_STRICT_OBJC_MSGSEND = YES;
				ENABLE_TESTABILITY = YES;
				ENABLE_USER_SCRIPT_SANDBOXING = YES;
				GCC_C_LANGUAGE_STANDARD = gnu17;
				GCC_DYNAMIC_NO_PIC = NO;
				GCC_NO_COMMON_BLOCKS = YES;
				GCC_OPTIMIZATION_LEVEL = 0;
				GCC_PREPROCESSOR_DEFINITIONS = (
					"DEBUG=1",
					"$(inherited)",
				);
				GCC_WARN_64_TO_32_BIT_CONVERSION = YES;
				GCC_WARN_ABOUT_RETURN_TYPE = YES_ERROR;
				GCC_WARN_UNDECLARED_SELECTOR = YES;
				GCC_WARN_UNINITIALIZED_AUTOS = YES_AGGRESSIVE;
				GCC_WARN_UNUSED_FUNCTION = YES;
				GCC_WARN_UNUSED_VARIABLE = YES;
				IPHONEOS_DEPLOYMENT_TARGET = 17.0;
				LOCALIZATION_PREFERS_STRING_CATALOGS = YES;
				MTL_ENABLE_DEBUG_INFO = INCLUDE_SOURCE;
				MTL_FAST_MATH = YES;
				ONLY_ACTIVE_ARCH = YES;
				SDKROOT = iphoneos;
				SWIFT_ACTIVE_COMPILATION_CONDITIONS = "DEBUG $(inherited)";
				SWIFT_OPTIMIZATION_LEVEL = "-Onone";
			};
			name = Debug;
		};
		9186D5042B03DD98008A2EA3 /* Release */ = {
			isa = XCBuildConfiguration;
			buildSettings = {
				ALWAYS_SEARCH_USER_PATHS = NO;
				ASSETCATALOG_COMPILER_GENERATE_SWIFT_ASSET_SYMBOL_EXTENSIONS = YES;
				CLANG_ANALYZER_NONNULL = YES;
				CLANG_ANALYZER_NUMBER_OBJECT_CONVERSION = YES_AGGRESSIVE;
				CLANG_CXX_LANGUAGE_STANDARD = "gnu++20";
				CLANG_ENABLE_MODULES = YES;
				CLANG_ENABLE_OBJC_ARC = YES;
				CLANG_ENABLE_OBJC_WEAK = YES;
				CLANG_WARN_BLOCK_CAPTURE_AUTORELEASING = YES;
				CLANG_WARN_BOOL_CONVERSION = YES;
				CLANG_WARN_COMMA = YES;
				CLANG_WARN_CONSTANT_CONVERSION = YES;
				CLANG_WARN_DEPRECATED_OBJC_IMPLEMENTATIONS = YES;
				CLANG_WARN_DIRECT_OBJC_ISA_USAGE = YES_ERROR;
				CLANG_WARN_DOCUMENTATION_COMMENTS = YES;
				CLANG_WARN_EMPTY_BODY = YES;
				CLANG_WARN_ENUM_CONVERSION = YES;
				CLANG_WARN_INFINITE_RECURSION = YES;
				CLANG_WARN_INT_CONVERSION = YES;
				CLANG_WARN_NON_LITERAL_NULL_CONVERSION = YES;
				CLANG_WARN_OBJC_IMPLICIT_RETAIN_SELF = YES;
				CLANG_WARN_OBJC_LITERAL_CONVERSION = YES;
				CLANG_WARN_OBJC_ROOT_CLASS = YES_ERROR;
				CLANG_WARN_QUOTED_INCLUDE_IN_FRAMEWORK_HEADER = YES;
				CLANG_WARN_RANGE_LOOP_ANALYSIS = YES;
				CLANG_WARN_STRICT_PROTOTYPES = YES;
				CLANG_WARN_SUSPICIOUS_MOVE = YES;
				CLANG_WARN_UNGUARDED_AVAILABILITY = YES_AGGRESSIVE;
				CLANG_WARN_UNREACHABLE_CODE = YES;
				CLANG_WARN__DUPLICATE_METHOD_MATCH = YES;
				COPY_PHASE_STRIP = NO;
				DEBUG_INFORMATION_FORMAT = "dwarf-with-dsym";
				ENABLE_NS_ASSERTIONS = NO;
				ENABLE_STRICT_OBJC_MSGSEND = YES;
				ENABLE_USER_SCRIPT_SANDBOXING = YES;
				GCC_C_LANGUAGE_STANDARD = gnu17;
				GCC_NO_COMMON_BLOCKS = YES;
				GCC_WARN_64_TO_32_BIT_CONVERSION = YES;
				GCC_WARN_ABOUT_RETURN_TYPE = YES_ERROR;
				GCC_WARN_UNDECLARED_SELECTOR = YES;
				GCC_WARN_UNINITIALIZED_AUTOS = YES_AGGRESSIVE;
				GCC_WARN_UNUSED_FUNCTION = YES;
				GCC_WARN_UNUSED_VARIABLE = YES;
				IPHONEOS_DEPLOYMENT_TARGET = 17.0;
				LOCALIZATION_PREFERS_STRING_CATALOGS = YES;
				MTL_ENABLE_DEBUG_INFO = NO;
				MTL_FAST_MATH = YES;
				SDKROOT = iphoneos;
				SWIFT_COMPILATION_MODE = wholemodule;
				VALIDATE_PRODUCT = YES;
			};
			name = Release;
		};
		9186D5062B03DD98008A2EA3 /* Debug */ = {
			isa = XCBuildConfiguration;
			buildSettings = {
				ASSETCATALOG_COMPILER_APPICON_NAME = AppIcon;
				ASSETCATALOG_COMPILER_GLOBAL_ACCENT_COLOR_NAME = AccentColor;
				CODE_SIGN_STYLE = Automatic;
				CURRENT_PROJECT_VERSION = 1;
				DEVELOPMENT_TEAM = JYB626N5RH;
				GENERATE_INFOPLIST_FILE = YES;
				INFOPLIST_FILE = Hospital/Info.plist;
				INFOPLIST_KEY_UIApplicationSupportsIndirectInputEvents = YES;
				INFOPLIST_KEY_UILaunchStoryboardName = LaunchScreen;
				INFOPLIST_KEY_UIMainStoryboardFile = Main;
				INFOPLIST_KEY_UISupportedInterfaceOrientations_iPad = "UIInterfaceOrientationPortrait UIInterfaceOrientationPortraitUpsideDown UIInterfaceOrientationLandscapeLeft UIInterfaceOrientationLandscapeRight";
				INFOPLIST_KEY_UISupportedInterfaceOrientations_iPhone = "UIInterfaceOrientationPortrait UIInterfaceOrientationLandscapeLeft UIInterfaceOrientationLandscapeRight";
				IPHONEOS_DEPLOYMENT_TARGET = 16.0;
				LD_RUNPATH_SEARCH_PATHS = (
					"$(inherited)",
					"@executable_path/Frameworks",
				);
				MARKETING_VERSION = 1.0;
				PRODUCT_BUNDLE_IDENTIFIER = ibero.com.Hospital;
				PRODUCT_NAME = "$(TARGET_NAME)";
				SWIFT_EMIT_LOC_STRINGS = YES;
				SWIFT_VERSION = 5.0;
				TARGETED_DEVICE_FAMILY = "1,2";
			};
			name = Debug;
		};
		9186D5072B03DD98008A2EA3 /* Release */ = {
			isa = XCBuildConfiguration;
			buildSettings = {
				ASSETCATALOG_COMPILER_APPICON_NAME = AppIcon;
				ASSETCATALOG_COMPILER_GLOBAL_ACCENT_COLOR_NAME = AccentColor;
				CODE_SIGN_STYLE = Automatic;
				CURRENT_PROJECT_VERSION = 1;
				DEVELOPMENT_TEAM = JYB626N5RH;
				GENERATE_INFOPLIST_FILE = YES;
				INFOPLIST_FILE = Hospital/Info.plist;
				INFOPLIST_KEY_UIApplicationSupportsIndirectInputEvents = YES;
				INFOPLIST_KEY_UILaunchStoryboardName = LaunchScreen;
				INFOPLIST_KEY_UIMainStoryboardFile = Main;
				INFOPLIST_KEY_UISupportedInterfaceOrientations_iPad = "UIInterfaceOrientationPortrait UIInterfaceOrientationPortraitUpsideDown UIInterfaceOrientationLandscapeLeft UIInterfaceOrientationLandscapeRight";
				INFOPLIST_KEY_UISupportedInterfaceOrientations_iPhone = "UIInterfaceOrientationPortrait UIInterfaceOrientationLandscapeLeft UIInterfaceOrientationLandscapeRight";
				IPHONEOS_DEPLOYMENT_TARGET = 16.0;
				LD_RUNPATH_SEARCH_PATHS = (
					"$(inherited)",
					"@executable_path/Frameworks",
				);
				MARKETING_VERSION = 1.0;
				PRODUCT_BUNDLE_IDENTIFIER = ibero.com.Hospital;
				PRODUCT_NAME = "$(TARGET_NAME)";
				SWIFT_EMIT_LOC_STRINGS = YES;
				SWIFT_VERSION = 5.0;
				TARGETED_DEVICE_FAMILY = "1,2";
			};
			name = Release;
		};
		9186D5092B03DD98008A2EA3 /* Debug */ = {
			isa = XCBuildConfiguration;
			buildSettings = {
				ALWAYS_EMBED_SWIFT_STANDARD_LIBRARIES = YES;
				BUNDLE_LOADER = "$(TEST_HOST)";
				CODE_SIGN_STYLE = Automatic;
				CURRENT_PROJECT_VERSION = 1;
				DEVELOPMENT_TEAM = JYB626N5RH;
				GENERATE_INFOPLIST_FILE = YES;
				IPHONEOS_DEPLOYMENT_TARGET = 17.0;
				MARKETING_VERSION = 1.0;
				PRODUCT_BUNDLE_IDENTIFIER = ibero.com.HospitalTests;
				PRODUCT_NAME = "$(TARGET_NAME)";
				SWIFT_EMIT_LOC_STRINGS = NO;
				SWIFT_VERSION = 5.0;
				TARGETED_DEVICE_FAMILY = "1,2";
				TEST_HOST = "$(BUILT_PRODUCTS_DIR)/Hospital.app/$(BUNDLE_EXECUTABLE_FOLDER_PATH)/Hospital";
			};
			name = Debug;
		};
		9186D50A2B03DD98008A2EA3 /* Release */ = {
			isa = XCBuildConfiguration;
			buildSettings = {
				ALWAYS_EMBED_SWIFT_STANDARD_LIBRARIES = YES;
				BUNDLE_LOADER = "$(TEST_HOST)";
				CODE_SIGN_STYLE = Automatic;
				CURRENT_PROJECT_VERSION = 1;
				DEVELOPMENT_TEAM = JYB626N5RH;
				GENERATE_INFOPLIST_FILE = YES;
				IPHONEOS_DEPLOYMENT_TARGET = 17.0;
				MARKETING_VERSION = 1.0;
				PRODUCT_BUNDLE_IDENTIFIER = ibero.com.HospitalTests;
				PRODUCT_NAME = "$(TARGET_NAME)";
				SWIFT_EMIT_LOC_STRINGS = NO;
				SWIFT_VERSION = 5.0;
				TARGETED_DEVICE_FAMILY = "1,2";
				TEST_HOST = "$(BUILT_PRODUCTS_DIR)/Hospital.app/$(BUNDLE_EXECUTABLE_FOLDER_PATH)/Hospital";
			};
			name = Release;
		};
		9186D50C2B03DD98008A2EA3 /* Debug */ = {
			isa = XCBuildConfiguration;
			buildSettings = {
				ALWAYS_EMBED_SWIFT_STANDARD_LIBRARIES = YES;
				CODE_SIGN_STYLE = Automatic;
				CURRENT_PROJECT_VERSION = 1;
				DEVELOPMENT_TEAM = JYB626N5RH;
				GENERATE_INFOPLIST_FILE = YES;
				MARKETING_VERSION = 1.0;
				PRODUCT_BUNDLE_IDENTIFIER = ibero.com.HospitalUITests;
				PRODUCT_NAME = "$(TARGET_NAME)";
				SWIFT_EMIT_LOC_STRINGS = NO;
				SWIFT_VERSION = 5.0;
				TARGETED_DEVICE_FAMILY = "1,2";
				TEST_TARGET_NAME = Hospital;
			};
			name = Debug;
		};
		9186D50D2B03DD98008A2EA3 /* Release */ = {
			isa = XCBuildConfiguration;
			buildSettings = {
				ALWAYS_EMBED_SWIFT_STANDARD_LIBRARIES = YES;
				CODE_SIGN_STYLE = Automatic;
				CURRENT_PROJECT_VERSION = 1;
				DEVELOPMENT_TEAM = JYB626N5RH;
				GENERATE_INFOPLIST_FILE = YES;
				MARKETING_VERSION = 1.0;
				PRODUCT_BUNDLE_IDENTIFIER = ibero.com.HospitalUITests;
				PRODUCT_NAME = "$(TARGET_NAME)";
				SWIFT_EMIT_LOC_STRINGS = NO;
				SWIFT_VERSION = 5.0;
				TARGETED_DEVICE_FAMILY = "1,2";
				TEST_TARGET_NAME = Hospital;
			};
			name = Release;
		};
/* End XCBuildConfiguration section */

/* Begin XCConfigurationList section */
		9186D4D62B03DD95008A2EA3 /* Build configuration list for PBXProject "Hospital" */ = {
			isa = XCConfigurationList;
			buildConfigurations = (
				9186D5032B03DD98008A2EA3 /* Debug */,
				9186D5042B03DD98008A2EA3 /* Release */,
			);
			defaultConfigurationIsVisible = 0;
			defaultConfigurationName = Release;
		};
		9186D5052B03DD98008A2EA3 /* Build configuration list for PBXNativeTarget "Hospital" */ = {
			isa = XCConfigurationList;
			buildConfigurations = (
				9186D5062B03DD98008A2EA3 /* Debug */,
				9186D5072B03DD98008A2EA3 /* Release */,
			);
			defaultConfigurationIsVisible = 0;
			defaultConfigurationName = Release;
		};
		9186D5082B03DD98008A2EA3 /* Build configuration list for PBXNativeTarget "HospitalTests" */ = {
			isa = XCConfigurationList;
			buildConfigurations = (
				9186D5092B03DD98008A2EA3 /* Debug */,
				9186D50A2B03DD98008A2EA3 /* Release */,
			);
			defaultConfigurationIsVisible = 0;
			defaultConfigurationName = Release;
		};
		9186D50B2B03DD98008A2EA3 /* Build configuration list for PBXNativeTarget "HospitalUITests" */ = {
			isa = XCConfigurationList;
			buildConfigurations = (
				9186D50C2B03DD98008A2EA3 /* Debug */,
				9186D50D2B03DD98008A2EA3 /* Release */,
			);
			defaultConfigurationIsVisible = 0;
			defaultConfigurationName = Release;
		};
/* End XCConfigurationList section */

/* Begin XCRemoteSwiftPackageReference section */
		9186D5102B03DE9D008A2EA3 /* XCRemoteSwiftPackageReference "firebase-ios-sdk" */ = {
			isa = XCRemoteSwiftPackageReference;
			repositoryURL = "https://github.com/firebase/firebase-ios-sdk";
			requirement = {
				kind = upToNextMajorVersion;
				minimumVersion = 10.18.0;
			};
		};
/* End XCRemoteSwiftPackageReference section */

/* Begin XCSwiftPackageProductDependency section */
		916431AD2B0F305C0012F1C3 /* FirebaseStorage */ = {
			isa = XCSwiftPackageProductDependency;
			package = 9186D5102B03DE9D008A2EA3 /* XCRemoteSwiftPackageReference "firebase-ios-sdk" */;
			productName = FirebaseStorage;
		};
		916431AF2B0F305C0012F1C3 /* FirebaseStorageCombine-Community */ = {
			isa = XCSwiftPackageProductDependency;
			package = 9186D5102B03DE9D008A2EA3 /* XCRemoteSwiftPackageReference "firebase-ios-sdk" */;
			productName = "FirebaseStorageCombine-Community";
		};
		9186D5112B03DE9D008A2EA3 /* FirebaseAnalytics */ = {
			isa = XCSwiftPackageProductDependency;
			package = 9186D5102B03DE9D008A2EA3 /* XCRemoteSwiftPackageReference "firebase-ios-sdk" */;
			productName = FirebaseAnalytics;
		};
		9186D5132B03DE9D008A2EA3 /* FirebaseAnalyticsSwift */ = {
			isa = XCSwiftPackageProductDependency;
			package = 9186D5102B03DE9D008A2EA3 /* XCRemoteSwiftPackageReference "firebase-ios-sdk" */;
			productName = FirebaseAnalyticsSwift;
		};
		9186D5152B03DE9D008A2EA3 /* FirebaseAuth */ = {
			isa = XCSwiftPackageProductDependency;
			package = 9186D5102B03DE9D008A2EA3 /* XCRemoteSwiftPackageReference "firebase-ios-sdk" */;
			productName = FirebaseAuth;
		};
		9186D5172B03DE9D008A2EA3 /* FirebaseDatabase */ = {
			isa = XCSwiftPackageProductDependency;
			package = 9186D5102B03DE9D008A2EA3 /* XCRemoteSwiftPackageReference "firebase-ios-sdk" */;
			productName = FirebaseDatabase;
		};
		9186D5192B03DE9D008A2EA3 /* FirebaseDatabaseSwift */ = {
			isa = XCSwiftPackageProductDependency;
			package = 9186D5102B03DE9D008A2EA3 /* XCRemoteSwiftPackageReference "firebase-ios-sdk" */;
			productName = FirebaseDatabaseSwift;
		};
		9186D51B2B03DE9D008A2EA3 /* FirebaseFirestore */ = {
			isa = XCSwiftPackageProductDependency;
			package = 9186D5102B03DE9D008A2EA3 /* XCRemoteSwiftPackageReference "firebase-ios-sdk" */;
			productName = FirebaseFirestore;
		};
		9186D51D2B03DE9D008A2EA3 /* FirebaseFunctions */ = {
			isa = XCSwiftPackageProductDependency;
			package = 9186D5102B03DE9D008A2EA3 /* XCRemoteSwiftPackageReference "firebase-ios-sdk" */;
			productName = FirebaseFunctions;
		};
		918BB5EA2B0D239B001F1443 /* FirebaseFirestoreSwift */ = {
			isa = XCSwiftPackageProductDependency;
			package = 9186D5102B03DE9D008A2EA3 /* XCRemoteSwiftPackageReference "firebase-ios-sdk" */;
			productName = FirebaseFirestoreSwift;
		};
/* End XCSwiftPackageProductDependency section */
	};
	rootObject = 9186D4D32B03DD95008A2EA3 /* Project object */;
}
